// !$*UTF8*$!
{
	archiveVersion = 1;
	classes = {
	};
	objectVersion = 46;
	objects = {

/* Begin PBXBuildFile section */
		B51C1A2317BEF7DA00384F12 /* DataModel.xcdatamodeld in Sources */ = {isa = PBXBuildFile; fileRef = B51C1A2117BEF7DA00384F12 /* DataModel.xcdatamodeld */; };
		B51C1A2417BEF7DA00384F12 /* DataModel.xcdatamodeld in Sources */ = {isa = PBXBuildFile; fileRef = B51C1A2117BEF7DA00384F12 /* DataModel.xcdatamodeld */; };
		B51C1A2917C1073A00384F12 /* BBNonFineGrainedDelegate.m in Sources */ = {isa = PBXBuildFile; fileRef = B51C1A2817C1073A00384F12 /* BBNonFineGrainedDelegate.m */; };
		B51C1A2A17C1073A00384F12 /* BBNonFineGrainedDelegate.m in Sources */ = {isa = PBXBuildFile; fileRef = B51C1A2817C1073A00384F12 /* BBNonFineGrainedDelegate.m */; };
		B53850EE17BE6B0400FCFC14 /* libKiwi-OSX.a in Frameworks */ = {isa = PBXBuildFile; fileRef = B53850E717BE6B0400FCFC14 /* libKiwi-OSX.a */; };
		B53850EF17BE6B0400FCFC14 /* libKiwi.a in Frameworks */ = {isa = PBXBuildFile; fileRef = B53850E817BE6B0400FCFC14 /* libKiwi.a */; };
		B53850F817BE6BF600FCFC14 /* BBFetchedResultsControllerSpec.m in Sources */ = {isa = PBXBuildFile; fileRef = B53850F717BE6BF600FCFC14 /* BBFetchedResultsControllerSpec.m */; };
		B53850F917BE6BF600FCFC14 /* BBFetchedResultsControllerSpec.m in Sources */ = {isa = PBXBuildFile; fileRef = B53850F717BE6BF600FCFC14 /* BBFetchedResultsControllerSpec.m */; };
		B538510817BE6C0A00FCFC14 /* _BBList.m in Sources */ = {isa = PBXBuildFile; fileRef = B53850FC17BE6C0A00FCFC14 /* _BBList.m */; };
		B538510917BE6C0A00FCFC14 /* _BBList.m in Sources */ = {isa = PBXBuildFile; fileRef = B53850FC17BE6C0A00FCFC14 /* _BBList.m */; };
		B538510A17BE6C0A00FCFC14 /* _BBPerson.m in Sources */ = {isa = PBXBuildFile; fileRef = B53850FE17BE6C0A00FCFC14 /* _BBPerson.m */; };
		B538510B17BE6C0A00FCFC14 /* _BBPerson.m in Sources */ = {isa = PBXBuildFile; fileRef = B53850FE17BE6C0A00FCFC14 /* _BBPerson.m */; };
		B538510C17BE6C0A00FCFC14 /* _BBToDo.m in Sources */ = {isa = PBXBuildFile; fileRef = B538510017BE6C0A00FCFC14 /* _BBToDo.m */; };
		B538510D17BE6C0A00FCFC14 /* _BBToDo.m in Sources */ = {isa = PBXBuildFile; fileRef = B538510017BE6C0A00FCFC14 /* _BBToDo.m */; };
		B538510E17BE6C0A00FCFC14 /* BBList.m in Sources */ = {isa = PBXBuildFile; fileRef = B538510317BE6C0A00FCFC14 /* BBList.m */; };
		B538510F17BE6C0A00FCFC14 /* BBList.m in Sources */ = {isa = PBXBuildFile; fileRef = B538510317BE6C0A00FCFC14 /* BBList.m */; };
		B538511017BE6C0A00FCFC14 /* BBPerson.m in Sources */ = {isa = PBXBuildFile; fileRef = B538510517BE6C0A00FCFC14 /* BBPerson.m */; };
		B538511117BE6C0A00FCFC14 /* BBPerson.m in Sources */ = {isa = PBXBuildFile; fileRef = B538510517BE6C0A00FCFC14 /* BBPerson.m */; };
		B538511217BE6C0A00FCFC14 /* BBToDo.m in Sources */ = {isa = PBXBuildFile; fileRef = B538510717BE6C0A00FCFC14 /* BBToDo.m */; };
		B538511317BE6C0A00FCFC14 /* BBToDo.m in Sources */ = {isa = PBXBuildFile; fileRef = B538510717BE6C0A00FCFC14 /* BBToDo.m */; };
		B538511517BE6D6200FCFC14 /* CoreData.framework in Frameworks */ = {isa = PBXBuildFile; fileRef = B538511417BE6D6200FCFC14 /* CoreData.framework */; };
		B538511717BE6D8000FCFC14 /* CoreData.framework in Frameworks */ = {isa = PBXBuildFile; fileRef = B538511617BE6D8000FCFC14 /* CoreData.framework */; };
		B538511817BE6DDC00FCFC14 /* CoreData.framework in Frameworks */ = {isa = PBXBuildFile; fileRef = B538511417BE6D6200FCFC14 /* CoreData.framework */; };
		B538511917BE6DE200FCFC14 /* CoreData.framework in Frameworks */ = {isa = PBXBuildFile; fileRef = B538511617BE6D8000FCFC14 /* CoreData.framework */; };
		B5D3C47F17BE6983000EC458 /* Foundation.framework in Frameworks */ = {isa = PBXBuildFile; fileRef = B5D3C47E17BE6982000EC458 /* Foundation.framework */; };
		B5D3C48417BE6983000EC458 /* BBFetchedResultsController.h in CopyFiles */ = {isa = PBXBuildFile; fileRef = B5D3C48317BE6983000EC458 /* BBFetchedResultsController.h */; };
		B5D3C48617BE6983000EC458 /* BBFetchedResultsController.m in Sources */ = {isa = PBXBuildFile; fileRef = B5D3C48517BE6983000EC458 /* BBFetchedResultsController.m */; };
		B5D3C48E17BE6983000EC458 /* SenTestingKit.framework in Frameworks */ = {isa = PBXBuildFile; fileRef = B5D3C48D17BE6983000EC458 /* SenTestingKit.framework */; };
		B5D3C49017BE6983000EC458 /* UIKit.framework in Frameworks */ = {isa = PBXBuildFile; fileRef = B5D3C48F17BE6983000EC458 /* UIKit.framework */; };
		B5D3C49117BE6983000EC458 /* Foundation.framework in Frameworks */ = {isa = PBXBuildFile; fileRef = B5D3C47E17BE6982000EC458 /* Foundation.framework */; };
		B5D3C49417BE6983000EC458 /* libBBFetchedResultsController-iOS.a in Frameworks */ = {isa = PBXBuildFile; fileRef = B5D3C47B17BE6982000EC458 /* libBBFetchedResultsController-iOS.a */; };
		B5D3C4AC17BE699C000EC458 /* Cocoa.framework in Frameworks */ = {isa = PBXBuildFile; fileRef = B5D3C4AB17BE699C000EC458 /* Cocoa.framework */; };
		B5D3C4BD17BE699C000EC458 /* SenTestingKit.framework in Frameworks */ = {isa = PBXBuildFile; fileRef = B5D3C48D17BE6983000EC458 /* SenTestingKit.framework */; };
		B5D3C4BE17BE699C000EC458 /* Cocoa.framework in Frameworks */ = {isa = PBXBuildFile; fileRef = B5D3C4AB17BE699C000EC458 /* Cocoa.framework */; };
		B5D3C4C117BE699C000EC458 /* libBBFetchedResultsController-Mac.a in Frameworks */ = {isa = PBXBuildFile; fileRef = B5D3C4AA17BE699C000EC458 /* libBBFetchedResultsController-Mac.a */; };
		B5D3C4D717BE6A0F000EC458 /* BBFetchedResultsIndexPath.h in Headers */ = {isa = PBXBuildFile; fileRef = B5D3C4D117BE6A0F000EC458 /* BBFetchedResultsIndexPath.h */; };
		B5D3C4D817BE6A0F000EC458 /* BBFetchedResultsIndexPath.m in Sources */ = {isa = PBXBuildFile; fileRef = B5D3C4D217BE6A0F000EC458 /* BBFetchedResultsIndexPath.m */; };
		B5D3C4D917BE6A0F000EC458 /* BBFetchedResultsIndexPath.m in Sources */ = {isa = PBXBuildFile; fileRef = B5D3C4D217BE6A0F000EC458 /* BBFetchedResultsIndexPath.m */; };
		B5D3C4DA17BE6A0F000EC458 /* BBFetchedResultsObjectChange.h in Headers */ = {isa = PBXBuildFile; fileRef = B5D3C4D317BE6A0F000EC458 /* BBFetchedResultsObjectChange.h */; };
		B5D3C4DB17BE6A0F000EC458 /* BBFetchedResultsObjectChange.m in Sources */ = {isa = PBXBuildFile; fileRef = B5D3C4D417BE6A0F000EC458 /* BBFetchedResultsObjectChange.m */; };
		B5D3C4DC17BE6A0F000EC458 /* BBFetchedResultsObjectChange.m in Sources */ = {isa = PBXBuildFile; fileRef = B5D3C4D417BE6A0F000EC458 /* BBFetchedResultsObjectChange.m */; };
		B5D3C4DD17BE6A0F000EC458 /* BBFetchedResultsSection.h in Headers */ = {isa = PBXBuildFile; fileRef = B5D3C4D517BE6A0F000EC458 /* BBFetchedResultsSection.h */; };
		B5D3C4DE17BE6A0F000EC458 /* BBFetchedResultsSection.m in Sources */ = {isa = PBXBuildFile; fileRef = B5D3C4D617BE6A0F000EC458 /* BBFetchedResultsSection.m */; };
		B5D3C4DF17BE6A0F000EC458 /* BBFetchedResultsSection.m in Sources */ = {isa = PBXBuildFile; fileRef = B5D3C4D617BE6A0F000EC458 /* BBFetchedResultsSection.m */; };
		B5D3C4E017BE6A2F000EC458 /* BBFetchedResultsController.m in Sources */ = {isa = PBXBuildFile; fileRef = B5D3C48517BE6983000EC458 /* BBFetchedResultsController.m */; };
/* End PBXBuildFile section */

/* Begin PBXContainerItemProxy section */
		B5D3C49217BE6983000EC458 /* PBXContainerItemProxy */ = {
			isa = PBXContainerItemProxy;
			containerPortal = B5D3C47317BE6982000EC458 /* Project object */;
			proxyType = 1;
			remoteGlobalIDString = B5D3C47A17BE6982000EC458;
			remoteInfo = BBFetchedResultsController;
		};
		B5D3C4BF17BE699C000EC458 /* PBXContainerItemProxy */ = {
			isa = PBXContainerItemProxy;
			containerPortal = B5D3C47317BE6982000EC458 /* Project object */;
			proxyType = 1;
			remoteGlobalIDString = B5D3C4A917BE699C000EC458;
			remoteInfo = "BBFetchedResultsController for Mac";
		};
/* End PBXContainerItemProxy section */

/* Begin PBXCopyFilesBuildPhase section */
		B5D3C47917BE6982000EC458 /* CopyFiles */ = {
			isa = PBXCopyFilesBuildPhase;
			buildActionMask = 2147483647;
			dstPath = "include/${PRODUCT_NAME}";
			dstSubfolderSpec = 16;
			files = (
				B5D3C48417BE6983000EC458 /* BBFetchedResultsController.h in CopyFiles */,
			);
			runOnlyForDeploymentPostprocessing = 0;
		};
/* End PBXCopyFilesBuildPhase section */

/* Begin PBXFileReference section */
		B51C1A2217BEF7DA00384F12 /* Demo.xcdatamodel */ = {isa = PBXFileReference; lastKnownFileType = wrapper.xcdatamodel; path = Demo.xcdatamodel; sourceTree = "<group>"; };
		B51C1A2717C1073A00384F12 /* BBNonFineGrainedDelegate.h */ = {isa = PBXFileReference; fileEncoding = 4; lastKnownFileType = sourcecode.c.h; path = BBNonFineGrainedDelegate.h; sourceTree = "<group>"; };
		B51C1A2817C1073A00384F12 /* BBNonFineGrainedDelegate.m */ = {isa = PBXFileReference; fileEncoding = 4; lastKnownFileType = sourcecode.c.objc; path = BBNonFineGrainedDelegate.m; sourceTree = "<group>"; };
		B538508B17BE6B0400FCFC14 /* Kiwi.h */ = {isa = PBXFileReference; fileEncoding = 4; lastKnownFileType = sourcecode.c.h; path = Kiwi.h; sourceTree = "<group>"; };
		B538508C17BE6B0400FCFC14 /* KiwiBlockMacros.h */ = {isa = PBXFileReference; fileEncoding = 4; lastKnownFileType = sourcecode.c.h; path = KiwiBlockMacros.h; sourceTree = "<group>"; };
		B538508D17BE6B0400FCFC14 /* KiwiConfiguration.h */ = {isa = PBXFileReference; fileEncoding = 4; lastKnownFileType = sourcecode.c.h; path = KiwiConfiguration.h; sourceTree = "<group>"; };
		B538508E17BE6B0400FCFC14 /* KiwiMacros.h */ = {isa = PBXFileReference; fileEncoding = 4; lastKnownFileType = sourcecode.c.h; path = KiwiMacros.h; sourceTree = "<group>"; };
		B538508F17BE6B0400FCFC14 /* KiwiNewMacros.h */ = {isa = PBXFileReference; fileEncoding = 4; lastKnownFileType = sourcecode.c.h; path = KiwiNewMacros.h; sourceTree = "<group>"; };
		B538509017BE6B0400FCFC14 /* KWAfterAllNode.h */ = {isa = PBXFileReference; fileEncoding = 4; lastKnownFileType = sourcecode.c.h; path = KWAfterAllNode.h; sourceTree = "<group>"; };
		B538509117BE6B0400FCFC14 /* KWAfterEachNode.h */ = {isa = PBXFileReference; fileEncoding = 4; lastKnownFileType = sourcecode.c.h; path = KWAfterEachNode.h; sourceTree = "<group>"; };
		B538509217BE6B0400FCFC14 /* KWAny.h */ = {isa = PBXFileReference; fileEncoding = 4; lastKnownFileType = sourcecode.c.h; path = KWAny.h; sourceTree = "<group>"; };
		B538509317BE6B0400FCFC14 /* KWAsyncVerifier.h */ = {isa = PBXFileReference; fileEncoding = 4; lastKnownFileType = sourcecode.c.h; path = KWAsyncVerifier.h; sourceTree = "<group>"; };
		B538509417BE6B0400FCFC14 /* KWBeBetweenMatcher.h */ = {isa = PBXFileReference; fileEncoding = 4; lastKnownFileType = sourcecode.c.h; path = KWBeBetweenMatcher.h; sourceTree = "<group>"; };
		B538509517BE6B0400FCFC14 /* KWBeEmptyMatcher.h */ = {isa = PBXFileReference; fileEncoding = 4; lastKnownFileType = sourcecode.c.h; path = KWBeEmptyMatcher.h; sourceTree = "<group>"; };
		B538509617BE6B0400FCFC14 /* KWBeforeAllNode.h */ = {isa = PBXFileReference; fileEncoding = 4; lastKnownFileType = sourcecode.c.h; path = KWBeforeAllNode.h; sourceTree = "<group>"; };
		B538509717BE6B0400FCFC14 /* KWBeforeEachNode.h */ = {isa = PBXFileReference; fileEncoding = 4; lastKnownFileType = sourcecode.c.h; path = KWBeforeEachNode.h; sourceTree = "<group>"; };
		B538509817BE6B0400FCFC14 /* KWBeIdenticalToMatcher.h */ = {isa = PBXFileReference; fileEncoding = 4; lastKnownFileType = sourcecode.c.h; path = KWBeIdenticalToMatcher.h; sourceTree = "<group>"; };
		B538509917BE6B0400FCFC14 /* KWBeKindOfClassMatcher.h */ = {isa = PBXFileReference; fileEncoding = 4; lastKnownFileType = sourcecode.c.h; path = KWBeKindOfClassMatcher.h; sourceTree = "<group>"; };
		B538509A17BE6B0400FCFC14 /* KWBeMemberOfClassMatcher.h */ = {isa = PBXFileReference; fileEncoding = 4; lastKnownFileType = sourcecode.c.h; path = KWBeMemberOfClassMatcher.h; sourceTree = "<group>"; };
		B538509B17BE6B0400FCFC14 /* KWBeNilMatcher.h */ = {isa = PBXFileReference; fileEncoding = 4; lastKnownFileType = sourcecode.c.h; path = KWBeNilMatcher.h; sourceTree = "<group>"; };
		B538509C17BE6B0400FCFC14 /* KWBeNonNilMatcher.h */ = {isa = PBXFileReference; fileEncoding = 4; lastKnownFileType = sourcecode.c.h; path = KWBeNonNilMatcher.h; sourceTree = "<group>"; };
		B538509D17BE6B0400FCFC14 /* KWBeSubclassOfClassMatcher.h */ = {isa = PBXFileReference; fileEncoding = 4; lastKnownFileType = sourcecode.c.h; path = KWBeSubclassOfClassMatcher.h; sourceTree = "<group>"; };
		B538509E17BE6B0400FCFC14 /* KWBeTrueMatcher.h */ = {isa = PBXFileReference; fileEncoding = 4; lastKnownFileType = sourcecode.c.h; path = KWBeTrueMatcher.h; sourceTree = "<group>"; };
		B538509F17BE6B0400FCFC14 /* KWBeWithinMatcher.h */ = {isa = PBXFileReference; fileEncoding = 4; lastKnownFileType = sourcecode.c.h; path = KWBeWithinMatcher.h; sourceTree = "<group>"; };
		B53850A017BE6B0400FCFC14 /* KWBeZeroMatcher.h */ = {isa = PBXFileReference; fileEncoding = 4; lastKnownFileType = sourcecode.c.h; path = KWBeZeroMatcher.h; sourceTree = "<group>"; };
		B53850A117BE6B0400FCFC14 /* KWBlock.h */ = {isa = PBXFileReference; fileEncoding = 4; lastKnownFileType = sourcecode.c.h; path = KWBlock.h; sourceTree = "<group>"; };
		B53850A217BE6B0400FCFC14 /* KWBlockNode.h */ = {isa = PBXFileReference; fileEncoding = 4; lastKnownFileType = sourcecode.c.h; path = KWBlockNode.h; sourceTree = "<group>"; };
		B53850A317BE6B0400FCFC14 /* KWBlockRaiseMatcher.h */ = {isa = PBXFileReference; fileEncoding = 4; lastKnownFileType = sourcecode.c.h; path = KWBlockRaiseMatcher.h; sourceTree = "<group>"; };
		B53850A417BE6B0400FCFC14 /* KWCallSite.h */ = {isa = PBXFileReference; fileEncoding = 4; lastKnownFileType = sourcecode.c.h; path = KWCallSite.h; sourceTree = "<group>"; };
		B53850A517BE6B0400FCFC14 /* KWCaptureSpy.h */ = {isa = PBXFileReference; fileEncoding = 4; lastKnownFileType = sourcecode.c.h; path = KWCaptureSpy.h; sourceTree = "<group>"; };
		B53850A617BE6B0400FCFC14 /* KWChangeMatcher.h */ = {isa = PBXFileReference; fileEncoding = 4; lastKnownFileType = sourcecode.c.h; path = KWChangeMatcher.h; sourceTree = "<group>"; };
		B53850A717BE6B0400FCFC14 /* KWConformToProtocolMatcher.h */ = {isa = PBXFileReference; fileEncoding = 4; lastKnownFileType = sourcecode.c.h; path = KWConformToProtocolMatcher.h; sourceTree = "<group>"; };
		B53850A817BE6B0400FCFC14 /* KWContainMatcher.h */ = {isa = PBXFileReference; fileEncoding = 4; lastKnownFileType = sourcecode.c.h; path = KWContainMatcher.h; sourceTree = "<group>"; };
		B53850A917BE6B0400FCFC14 /* KWContextNode.h */ = {isa = PBXFileReference; fileEncoding = 4; lastKnownFileType = sourcecode.c.h; path = KWContextNode.h; sourceTree = "<group>"; };
		B53850AA17BE6B0400FCFC14 /* KWCountType.h */ = {isa = PBXFileReference; fileEncoding = 4; lastKnownFileType = sourcecode.c.h; path = KWCountType.h; sourceTree = "<group>"; };
		B53850AB17BE6B0400FCFC14 /* KWDeviceInfo.h */ = {isa = PBXFileReference; fileEncoding = 4; lastKnownFileType = sourcecode.c.h; path = KWDeviceInfo.h; sourceTree = "<group>"; };
		B53850AC17BE6B0400FCFC14 /* KWEqualMatcher.h */ = {isa = PBXFileReference; fileEncoding = 4; lastKnownFileType = sourcecode.c.h; path = KWEqualMatcher.h; sourceTree = "<group>"; };
		B53850AD17BE6B0400FCFC14 /* KWExample.h */ = {isa = PBXFileReference; fileEncoding = 4; lastKnownFileType = sourcecode.c.h; path = KWExample.h; sourceTree = "<group>"; };
		B53850AE17BE6B0400FCFC14 /* KWExampleGroupBuilder.h */ = {isa = PBXFileReference; fileEncoding = 4; lastKnownFileType = sourcecode.c.h; path = KWExampleGroupBuilder.h; sourceTree = "<group>"; };
		B53850AF17BE6B0400FCFC14 /* KWExampleGroupDelegate.h */ = {isa = PBXFileReference; fileEncoding = 4; lastKnownFileType = sourcecode.c.h; path = KWExampleGroupDelegate.h; sourceTree = "<group>"; };
		B53850B017BE6B0400FCFC14 /* KWExampleNode.h */ = {isa = PBXFileReference; fileEncoding = 4; lastKnownFileType = sourcecode.c.h; path = KWExampleNode.h; sourceTree = "<group>"; };
		B53850B117BE6B0400FCFC14 /* KWExampleNodeVisitor.h */ = {isa = PBXFileReference; fileEncoding = 4; lastKnownFileType = sourcecode.c.h; path = KWExampleNodeVisitor.h; sourceTree = "<group>"; };
		B53850B217BE6B0400FCFC14 /* KWExampleSuite.h */ = {isa = PBXFileReference; fileEncoding = 4; lastKnownFileType = sourcecode.c.h; path = KWExampleSuite.h; sourceTree = "<group>"; };
		B53850B317BE6B0400FCFC14 /* KWExistVerifier.h */ = {isa = PBXFileReference; fileEncoding = 4; lastKnownFileType = sourcecode.c.h; path = KWExistVerifier.h; sourceTree = "<group>"; };
		B53850B417BE6B0400FCFC14 /* KWExpectationType.h */ = {isa = PBXFileReference; fileEncoding = 4; lastKnownFileType = sourcecode.c.h; path = KWExpectationType.h; sourceTree = "<group>"; };
		B53850B517BE6B0400FCFC14 /* KWFailure.h */ = {isa = PBXFileReference; fileEncoding = 4; lastKnownFileType = sourcecode.c.h; path = KWFailure.h; sourceTree = "<group>"; };
		B53850B617BE6B0400FCFC14 /* KWFormatter.h */ = {isa = PBXFileReference; fileEncoding = 4; lastKnownFileType = sourcecode.c.h; path = KWFormatter.h; sourceTree = "<group>"; };
		B53850B717BE6B0400FCFC14 /* KWFutureObject.h */ = {isa = PBXFileReference; fileEncoding = 4; lastKnownFileType = sourcecode.c.h; path = KWFutureObject.h; sourceTree = "<group>"; };
		B53850B817BE6B0400FCFC14 /* KWGenericMatcher.h */ = {isa = PBXFileReference; fileEncoding = 4; lastKnownFileType = sourcecode.c.h; path = KWGenericMatcher.h; sourceTree = "<group>"; };
		B53850B917BE6B0400FCFC14 /* KWGenericMatchingAdditions.h */ = {isa = PBXFileReference; fileEncoding = 4; lastKnownFileType = sourcecode.c.h; path = KWGenericMatchingAdditions.h; sourceTree = "<group>"; };
		B53850BA17BE6B0400FCFC14 /* KWHaveMatcher.h */ = {isa = PBXFileReference; fileEncoding = 4; lastKnownFileType = sourcecode.c.h; path = KWHaveMatcher.h; sourceTree = "<group>"; };
		B53850BB17BE6B0400FCFC14 /* KWHaveValueMatcher.h */ = {isa = PBXFileReference; fileEncoding = 4; lastKnownFileType = sourcecode.c.h; path = KWHaveValueMatcher.h; sourceTree = "<group>"; };
		B53850BC17BE6B0400FCFC14 /* KWInequalityMatcher.h */ = {isa = PBXFileReference; fileEncoding = 4; lastKnownFileType = sourcecode.c.h; path = KWInequalityMatcher.h; sourceTree = "<group>"; };
		B53850BD17BE6B0400FCFC14 /* KWIntercept.h */ = {isa = PBXFileReference; fileEncoding = 4; lastKnownFileType = sourcecode.c.h; path = KWIntercept.h; sourceTree = "<group>"; };
		B53850BE17BE6B0400FCFC14 /* KWInvocationCapturer.h */ = {isa = PBXFileReference; fileEncoding = 4; lastKnownFileType = sourcecode.c.h; path = KWInvocationCapturer.h; sourceTree = "<group>"; };
		B53850BF17BE6B0400FCFC14 /* KWItNode.h */ = {isa = PBXFileReference; fileEncoding = 4; lastKnownFileType = sourcecode.c.h; path = KWItNode.h; sourceTree = "<group>"; };
		B53850C017BE6B0400FCFC14 /* KWMatcher.h */ = {isa = PBXFileReference; fileEncoding = 4; lastKnownFileType = sourcecode.c.h; path = KWMatcher.h; sourceTree = "<group>"; };
		B53850C117BE6B0400FCFC14 /* KWMatcherFactory.h */ = {isa = PBXFileReference; fileEncoding = 4; lastKnownFileType = sourcecode.c.h; path = KWMatcherFactory.h; sourceTree = "<group>"; };
		B53850C217BE6B0400FCFC14 /* KWMatchers.h */ = {isa = PBXFileReference; fileEncoding = 4; lastKnownFileType = sourcecode.c.h; path = KWMatchers.h; sourceTree = "<group>"; };
		B53850C317BE6B0400FCFC14 /* KWMatching.h */ = {isa = PBXFileReference; fileEncoding = 4; lastKnownFileType = sourcecode.c.h; path = KWMatching.h; sourceTree = "<group>"; };
		B53850C417BE6B0400FCFC14 /* KWMatchVerifier.h */ = {isa = PBXFileReference; fileEncoding = 4; lastKnownFileType = sourcecode.c.h; path = KWMatchVerifier.h; sourceTree = "<group>"; };
		B53850C517BE6B0400FCFC14 /* KWMessagePattern.h */ = {isa = PBXFileReference; fileEncoding = 4; lastKnownFileType = sourcecode.c.h; path = KWMessagePattern.h; sourceTree = "<group>"; };
		B53850C617BE6B0400FCFC14 /* KWMessageSpying.h */ = {isa = PBXFileReference; fileEncoding = 4; lastKnownFileType = sourcecode.c.h; path = KWMessageSpying.h; sourceTree = "<group>"; };
		B53850C717BE6B0400FCFC14 /* KWMessageTracker.h */ = {isa = PBXFileReference; fileEncoding = 4; lastKnownFileType = sourcecode.c.h; path = KWMessageTracker.h; sourceTree = "<group>"; };
		B53850C817BE6B0400FCFC14 /* KWMock.h */ = {isa = PBXFileReference; fileEncoding = 4; lastKnownFileType = sourcecode.c.h; path = KWMock.h; sourceTree = "<group>"; };
		B53850C917BE6B0400FCFC14 /* KWNull.h */ = {isa = PBXFileReference; fileEncoding = 4; lastKnownFileType = sourcecode.c.h; path = KWNull.h; sourceTree = "<group>"; };
		B53850CA17BE6B0400FCFC14 /* KWObjCUtilities.h */ = {isa = PBXFileReference; fileEncoding = 4; lastKnownFileType = sourcecode.c.h; path = KWObjCUtilities.h; sourceTree = "<group>"; };
		B53850CB17BE6B0400FCFC14 /* KWPendingNode.h */ = {isa = PBXFileReference; fileEncoding = 4; lastKnownFileType = sourcecode.c.h; path = KWPendingNode.h; sourceTree = "<group>"; };
		B53850CC17BE6B0400FCFC14 /* KWProbe.h */ = {isa = PBXFileReference; fileEncoding = 4; lastKnownFileType = sourcecode.c.h; path = KWProbe.h; sourceTree = "<group>"; };
		B53850CD17BE6B0400FCFC14 /* KWProbePoller.h */ = {isa = PBXFileReference; fileEncoding = 4; lastKnownFileType = sourcecode.c.h; path = KWProbePoller.h; sourceTree = "<group>"; };
		B53850CE17BE6B0400FCFC14 /* KWRaiseMatcher.h */ = {isa = PBXFileReference; fileEncoding = 4; lastKnownFileType = sourcecode.c.h; path = KWRaiseMatcher.h; sourceTree = "<group>"; };
		B53850CF17BE6B0400FCFC14 /* KWReceiveMatcher.h */ = {isa = PBXFileReference; fileEncoding = 4; lastKnownFileType = sourcecode.c.h; path = KWReceiveMatcher.h; sourceTree = "<group>"; };
		B53850D017BE6B0400FCFC14 /* KWRegisterMatchersNode.h */ = {isa = PBXFileReference; fileEncoding = 4; lastKnownFileType = sourcecode.c.h; path = KWRegisterMatchersNode.h; sourceTree = "<group>"; };
		B53850D117BE6B0400FCFC14 /* KWReporting.h */ = {isa = PBXFileReference; fileEncoding = 4; lastKnownFileType = sourcecode.c.h; path = KWReporting.h; sourceTree = "<group>"; };
		B53850D217BE6B0400FCFC14 /* KWRespondToSelectorMatcher.h */ = {isa = PBXFileReference; fileEncoding = 4; lastKnownFileType = sourcecode.c.h; path = KWRespondToSelectorMatcher.h; sourceTree = "<group>"; };
		B53850D317BE6B0400FCFC14 /* KWSpec.h */ = {isa = PBXFileReference; fileEncoding = 4; lastKnownFileType = sourcecode.c.h; path = KWSpec.h; sourceTree = "<group>"; };
		B53850D417BE6B0400FCFC14 /* KWStringContainsMatcher.h */ = {isa = PBXFileReference; fileEncoding = 4; lastKnownFileType = sourcecode.c.h; path = KWStringContainsMatcher.h; sourceTree = "<group>"; };
		B53850D517BE6B0400FCFC14 /* KWStringPrefixMatcher.h */ = {isa = PBXFileReference; fileEncoding = 4; lastKnownFileType = sourcecode.c.h; path = KWStringPrefixMatcher.h; sourceTree = "<group>"; };
		B53850D617BE6B0400FCFC14 /* KWStringUtilities.h */ = {isa = PBXFileReference; fileEncoding = 4; lastKnownFileType = sourcecode.c.h; path = KWStringUtilities.h; sourceTree = "<group>"; };
		B53850D717BE6B0400FCFC14 /* KWStub.h */ = {isa = PBXFileReference; fileEncoding = 4; lastKnownFileType = sourcecode.c.h; path = KWStub.h; sourceTree = "<group>"; };
		B53850D817BE6B0400FCFC14 /* KWTestCase.h */ = {isa = PBXFileReference; fileEncoding = 4; lastKnownFileType = sourcecode.c.h; path = KWTestCase.h; sourceTree = "<group>"; };
		B53850D917BE6B0400FCFC14 /* KWUserDefinedMatcher.h */ = {isa = PBXFileReference; fileEncoding = 4; lastKnownFileType = sourcecode.c.h; path = KWUserDefinedMatcher.h; sourceTree = "<group>"; };
		B53850DA17BE6B0400FCFC14 /* KWValue.h */ = {isa = PBXFileReference; fileEncoding = 4; lastKnownFileType = sourcecode.c.h; path = KWValue.h; sourceTree = "<group>"; };
		B53850DB17BE6B0400FCFC14 /* KWVerifying.h */ = {isa = PBXFileReference; fileEncoding = 4; lastKnownFileType = sourcecode.c.h; path = KWVerifying.h; sourceTree = "<group>"; };
		B53850DC17BE6B0400FCFC14 /* KWWorkarounds.h */ = {isa = PBXFileReference; fileEncoding = 4; lastKnownFileType = sourcecode.c.h; path = KWWorkarounds.h; sourceTree = "<group>"; };
		B53850DD17BE6B0400FCFC14 /* NSInvocation+KiwiAdditions.h */ = {isa = PBXFileReference; fileEncoding = 4; lastKnownFileType = sourcecode.c.h; path = "NSInvocation+KiwiAdditions.h"; sourceTree = "<group>"; };
		B53850DE17BE6B0400FCFC14 /* NSInvocation+OCMAdditions.h */ = {isa = PBXFileReference; fileEncoding = 4; lastKnownFileType = sourcecode.c.h; path = "NSInvocation+OCMAdditions.h"; sourceTree = "<group>"; };
		B53850DF17BE6B0400FCFC14 /* NSMethodSignature+KiwiAdditions.h */ = {isa = PBXFileReference; fileEncoding = 4; lastKnownFileType = sourcecode.c.h; path = "NSMethodSignature+KiwiAdditions.h"; sourceTree = "<group>"; };
		B53850E017BE6B0400FCFC14 /* NSNumber+KiwiAdditions.h */ = {isa = PBXFileReference; fileEncoding = 4; lastKnownFileType = sourcecode.c.h; path = "NSNumber+KiwiAdditions.h"; sourceTree = "<group>"; };
		B53850E117BE6B0400FCFC14 /* NSObject+KiwiMockAdditions.h */ = {isa = PBXFileReference; fileEncoding = 4; lastKnownFileType = sourcecode.c.h; path = "NSObject+KiwiMockAdditions.h"; sourceTree = "<group>"; };
		B53850E217BE6B0400FCFC14 /* NSObject+KiwiSpyAdditions.h */ = {isa = PBXFileReference; fileEncoding = 4; lastKnownFileType = sourcecode.c.h; path = "NSObject+KiwiSpyAdditions.h"; sourceTree = "<group>"; };
		B53850E317BE6B0400FCFC14 /* NSObject+KiwiStubAdditions.h */ = {isa = PBXFileReference; fileEncoding = 4; lastKnownFileType = sourcecode.c.h; path = "NSObject+KiwiStubAdditions.h"; sourceTree = "<group>"; };
		B53850E417BE6B0400FCFC14 /* NSObject+KiwiVerifierAdditions.h */ = {isa = PBXFileReference; fileEncoding = 4; lastKnownFileType = sourcecode.c.h; path = "NSObject+KiwiVerifierAdditions.h"; sourceTree = "<group>"; };
		B53850E517BE6B0400FCFC14 /* NSValue+KiwiAdditions.h */ = {isa = PBXFileReference; fileEncoding = 4; lastKnownFileType = sourcecode.c.h; path = "NSValue+KiwiAdditions.h"; sourceTree = "<group>"; };
		B53850E717BE6B0400FCFC14 /* libKiwi-OSX.a */ = {isa = PBXFileReference; lastKnownFileType = archive.ar; path = "libKiwi-OSX.a"; sourceTree = "<group>"; };
		B53850E817BE6B0400FCFC14 /* libKiwi.a */ = {isa = PBXFileReference; lastKnownFileType = archive.ar; path = libKiwi.a; sourceTree = "<group>"; };
		B53850E917BE6B0400FCFC14 /* License.txt */ = {isa = PBXFileReference; fileEncoding = 4; lastKnownFileType = text; path = License.txt; sourceTree = "<group>"; };
		B53850EB17BE6B0400FCFC14 /* mogenerator */ = {isa = PBXFileReference; lastKnownFileType = "compiled.mach-o.executable"; path = mogenerator; sourceTree = "<group>"; };
		B53850EC17BE6B0400FCFC14 /* mogenerator.webloc */ = {isa = PBXFileReference; lastKnownFileType = file.bplist; path = mogenerator.webloc; sourceTree = "<group>"; };
		B53850F717BE6BF600FCFC14 /* BBFetchedResultsControllerSpec.m */ = {isa = PBXFileReference; fileEncoding = 4; lastKnownFileType = sourcecode.c.objc; path = BBFetchedResultsControllerSpec.m; sourceTree = "<group>"; };
		B53850FB17BE6C0A00FCFC14 /* _BBList.h */ = {isa = PBXFileReference; fileEncoding = 4; lastKnownFileType = sourcecode.c.h; path = _BBList.h; sourceTree = "<group>"; };
		B53850FC17BE6C0A00FCFC14 /* _BBList.m */ = {isa = PBXFileReference; fileEncoding = 4; lastKnownFileType = sourcecode.c.objc; path = _BBList.m; sourceTree = "<group>"; };
		B53850FD17BE6C0A00FCFC14 /* _BBPerson.h */ = {isa = PBXFileReference; fileEncoding = 4; lastKnownFileType = sourcecode.c.h; path = _BBPerson.h; sourceTree = "<group>"; };
		B53850FE17BE6C0A00FCFC14 /* _BBPerson.m */ = {isa = PBXFileReference; fileEncoding = 4; lastKnownFileType = sourcecode.c.objc; path = _BBPerson.m; sourceTree = "<group>"; };
		B53850FF17BE6C0A00FCFC14 /* _BBToDo.h */ = {isa = PBXFileReference; fileEncoding = 4; lastKnownFileType = sourcecode.c.h; path = _BBToDo.h; sourceTree = "<group>"; };
		B538510017BE6C0A00FCFC14 /* _BBToDo.m */ = {isa = PBXFileReference; fileEncoding = 4; lastKnownFileType = sourcecode.c.objc; path = _BBToDo.m; sourceTree = "<group>"; };
		B538510117BE6C0A00FCFC14 /* BBEntities.h */ = {isa = PBXFileReference; fileEncoding = 4; lastKnownFileType = sourcecode.c.h; path = BBEntities.h; sourceTree = "<group>"; };
		B538510217BE6C0A00FCFC14 /* BBList.h */ = {isa = PBXFileReference; fileEncoding = 4; lastKnownFileType = sourcecode.c.h; path = BBList.h; sourceTree = "<group>"; };
		B538510317BE6C0A00FCFC14 /* BBList.m */ = {isa = PBXFileReference; fileEncoding = 4; lastKnownFileType = sourcecode.c.objc; path = BBList.m; sourceTree = "<group>"; };
		B538510417BE6C0A00FCFC14 /* BBPerson.h */ = {isa = PBXFileReference; fileEncoding = 4; lastKnownFileType = sourcecode.c.h; path = BBPerson.h; sourceTree = "<group>"; };
		B538510517BE6C0A00FCFC14 /* BBPerson.m */ = {isa = PBXFileReference; fileEncoding = 4; lastKnownFileType = sourcecode.c.objc; path = BBPerson.m; sourceTree = "<group>"; };
		B538510617BE6C0A00FCFC14 /* BBToDo.h */ = {isa = PBXFileReference; fileEncoding = 4; lastKnownFileType = sourcecode.c.h; path = BBToDo.h; sourceTree = "<group>"; };
		B538510717BE6C0A00FCFC14 /* BBToDo.m */ = {isa = PBXFileReference; fileEncoding = 4; lastKnownFileType = sourcecode.c.objc; path = BBToDo.m; sourceTree = "<group>"; };
		B538511417BE6D6200FCFC14 /* CoreData.framework */ = {isa = PBXFileReference; lastKnownFileType = wrapper.framework; name = CoreData.framework; path = System/Library/Frameworks/CoreData.framework; sourceTree = SDKROOT; };
		B538511617BE6D8000FCFC14 /* CoreData.framework */ = {isa = PBXFileReference; lastKnownFileType = wrapper.framework; name = CoreData.framework; path = Platforms/MacOSX.platform/Developer/SDKs/MacOSX10.8.sdk/System/Library/Frameworks/CoreData.framework; sourceTree = DEVELOPER_DIR; };
		B5D3C47B17BE6982000EC458 /* libBBFetchedResultsController-iOS.a */ = {isa = PBXFileReference; explicitFileType = archive.ar; includeInIndex = 0; path = "libBBFetchedResultsController-iOS.a"; sourceTree = BUILT_PRODUCTS_DIR; };
		B5D3C47E17BE6982000EC458 /* Foundation.framework */ = {isa = PBXFileReference; lastKnownFileType = wrapper.framework; name = Foundation.framework; path = System/Library/Frameworks/Foundation.framework; sourceTree = SDKROOT; };
		B5D3C48317BE6983000EC458 /* BBFetchedResultsController.h */ = {isa = PBXFileReference; lastKnownFileType = sourcecode.c.h; path = BBFetchedResultsController.h; sourceTree = "<group>"; };
		B5D3C48517BE6983000EC458 /* BBFetchedResultsController.m */ = {isa = PBXFileReference; lastKnownFileType = sourcecode.c.objc; path = BBFetchedResultsController.m; sourceTree = "<group>"; };
		B5D3C48C17BE6983000EC458 /* BBFetchedResultsControllerTests-iOS.octest */ = {isa = PBXFileReference; explicitFileType = wrapper.cfbundle; includeInIndex = 0; path = "BBFetchedResultsControllerTests-iOS.octest"; sourceTree = BUILT_PRODUCTS_DIR; };
		B5D3C48D17BE6983000EC458 /* SenTestingKit.framework */ = {isa = PBXFileReference; lastKnownFileType = wrapper.framework; name = SenTestingKit.framework; path = Library/Frameworks/SenTestingKit.framework; sourceTree = DEVELOPER_DIR; };
		B5D3C48F17BE6983000EC458 /* UIKit.framework */ = {isa = PBXFileReference; lastKnownFileType = wrapper.framework; name = UIKit.framework; path = Library/Frameworks/UIKit.framework; sourceTree = DEVELOPER_DIR; };
		B5D3C4AA17BE699C000EC458 /* libBBFetchedResultsController-Mac.a */ = {isa = PBXFileReference; explicitFileType = archive.ar; includeInIndex = 0; path = "libBBFetchedResultsController-Mac.a"; sourceTree = BUILT_PRODUCTS_DIR; };
		B5D3C4AB17BE699C000EC458 /* Cocoa.framework */ = {isa = PBXFileReference; lastKnownFileType = wrapper.framework; name = Cocoa.framework; path = Library/Frameworks/Cocoa.framework; sourceTree = DEVELOPER_DIR; };
		B5D3C4BC17BE699C000EC458 /* BBFetchedResultsControllerTests-Mac.octest */ = {isa = PBXFileReference; explicitFileType = wrapper.cfbundle; includeInIndex = 0; path = "BBFetchedResultsControllerTests-Mac.octest"; sourceTree = BUILT_PRODUCTS_DIR; };
		B5D3C4D117BE6A0F000EC458 /* BBFetchedResultsIndexPath.h */ = {isa = PBXFileReference; fileEncoding = 4; lastKnownFileType = sourcecode.c.h; path = BBFetchedResultsIndexPath.h; sourceTree = "<group>"; };
		B5D3C4D217BE6A0F000EC458 /* BBFetchedResultsIndexPath.m */ = {isa = PBXFileReference; fileEncoding = 4; lastKnownFileType = sourcecode.c.objc; path = BBFetchedResultsIndexPath.m; sourceTree = "<group>"; };
		B5D3C4D317BE6A0F000EC458 /* BBFetchedResultsObjectChange.h */ = {isa = PBXFileReference; fileEncoding = 4; lastKnownFileType = sourcecode.c.h; path = BBFetchedResultsObjectChange.h; sourceTree = "<group>"; };
		B5D3C4D417BE6A0F000EC458 /* BBFetchedResultsObjectChange.m */ = {isa = PBXFileReference; fileEncoding = 4; lastKnownFileType = sourcecode.c.objc; path = BBFetchedResultsObjectChange.m; sourceTree = "<group>"; };
		B5D3C4D517BE6A0F000EC458 /* BBFetchedResultsSection.h */ = {isa = PBXFileReference; fileEncoding = 4; lastKnownFileType = sourcecode.c.h; path = BBFetchedResultsSection.h; sourceTree = "<group>"; };
		B5D3C4D617BE6A0F000EC458 /* BBFetchedResultsSection.m */ = {isa = PBXFileReference; fileEncoding = 4; lastKnownFileType = sourcecode.c.objc; path = BBFetchedResultsSection.m; sourceTree = "<group>"; };
/* End PBXFileReference section */

/* Begin PBXFrameworksBuildPhase section */
		B5D3C47817BE6982000EC458 /* Frameworks */ = {
			isa = PBXFrameworksBuildPhase;
			buildActionMask = 2147483647;
			files = (
				B538511517BE6D6200FCFC14 /* CoreData.framework in Frameworks */,
				B5D3C47F17BE6983000EC458 /* Foundation.framework in Frameworks */,
			);
			runOnlyForDeploymentPostprocessing = 0;
		};
		B5D3C48817BE6983000EC458 /* Frameworks */ = {
			isa = PBXFrameworksBuildPhase;
			buildActionMask = 2147483647;
			files = (
				B538511817BE6DDC00FCFC14 /* CoreData.framework in Frameworks */,
				B5D3C48E17BE6983000EC458 /* SenTestingKit.framework in Frameworks */,
				B5D3C49017BE6983000EC458 /* UIKit.framework in Frameworks */,
				B5D3C49117BE6983000EC458 /* Foundation.framework in Frameworks */,
				B5D3C49417BE6983000EC458 /* libBBFetchedResultsController-iOS.a in Frameworks */,
				B53850EF17BE6B0400FCFC14 /* libKiwi.a in Frameworks */,
			);
			runOnlyForDeploymentPostprocessing = 0;
		};
		B5D3C4A717BE699C000EC458 /* Frameworks */ = {
			isa = PBXFrameworksBuildPhase;
			buildActionMask = 2147483647;
			files = (
				B538511717BE6D8000FCFC14 /* CoreData.framework in Frameworks */,
				B5D3C4AC17BE699C000EC458 /* Cocoa.framework in Frameworks */,
			);
			runOnlyForDeploymentPostprocessing = 0;
		};
		B5D3C4B817BE699C000EC458 /* Frameworks */ = {
			isa = PBXFrameworksBuildPhase;
			buildActionMask = 2147483647;
			files = (
				B538511917BE6DE200FCFC14 /* CoreData.framework in Frameworks */,
				B5D3C4BD17BE699C000EC458 /* SenTestingKit.framework in Frameworks */,
				B5D3C4BE17BE699C000EC458 /* Cocoa.framework in Frameworks */,
				B5D3C4C117BE699C000EC458 /* libBBFetchedResultsController-Mac.a in Frameworks */,
				B53850EE17BE6B0400FCFC14 /* libKiwi-OSX.a in Frameworks */,
			);
			runOnlyForDeploymentPostprocessing = 0;
		};
/* End PBXFrameworksBuildPhase section */

/* Begin PBXGroup section */
		B51C1A2517BF9CE300384F12 /* Generated */ = {
			isa = PBXGroup;
			children = (
				B53850FB17BE6C0A00FCFC14 /* _BBList.h */,
				B53850FC17BE6C0A00FCFC14 /* _BBList.m */,
				B53850FD17BE6C0A00FCFC14 /* _BBPerson.h */,
				B53850FE17BE6C0A00FCFC14 /* _BBPerson.m */,
				B53850FF17BE6C0A00FCFC14 /* _BBToDo.h */,
				B538510017BE6C0A00FCFC14 /* _BBToDo.m */,
			);
			name = Generated;
			sourceTree = "<group>";
		};
		B51C1A2617BF9CEB00384F12 /* Entities */ = {
			isa = PBXGroup;
			children = (
				B538510217BE6C0A00FCFC14 /* BBList.h */,
				B538510317BE6C0A00FCFC14 /* BBList.m */,
				B538510417BE6C0A00FCFC14 /* BBPerson.h */,
				B538510517BE6C0A00FCFC14 /* BBPerson.m */,
				B538510617BE6C0A00FCFC14 /* BBToDo.h */,
				B538510717BE6C0A00FCFC14 /* BBToDo.m */,
			);
			name = Entities;
			sourceTree = "<group>";
		};
		B538508717BE6B0400FCFC14 /* Vendor */ = {
			isa = PBXGroup;
			children = (
				B538508817BE6B0400FCFC14 /* Kiwi */,
				B53850EA17BE6B0400FCFC14 /* mogenerator */,
			);
			path = Vendor;
			sourceTree = "<group>";
		};
		B538508817BE6B0400FCFC14 /* Kiwi */ = {
			isa = PBXGroup;
			children = (
				B538508917BE6B0400FCFC14 /* include */,
				B53850E617BE6B0400FCFC14 /* lib */,
				B53850E917BE6B0400FCFC14 /* License.txt */,
			);
			path = Kiwi;
			sourceTree = "<group>";
		};
		B538508917BE6B0400FCFC14 /* include */ = {
			isa = PBXGroup;
			children = (
				B538508A17BE6B0400FCFC14 /* Kiwi */,
			);
			path = include;
			sourceTree = "<group>";
		};
		B538508A17BE6B0400FCFC14 /* Kiwi */ = {
			isa = PBXGroup;
			children = (
				B538508B17BE6B0400FCFC14 /* Kiwi.h */,
				B538508C17BE6B0400FCFC14 /* KiwiBlockMacros.h */,
				B538508D17BE6B0400FCFC14 /* KiwiConfiguration.h */,
				B538508E17BE6B0400FCFC14 /* KiwiMacros.h */,
				B538508F17BE6B0400FCFC14 /* KiwiNewMacros.h */,
				B538509017BE6B0400FCFC14 /* KWAfterAllNode.h */,
				B538509117BE6B0400FCFC14 /* KWAfterEachNode.h */,
				B538509217BE6B0400FCFC14 /* KWAny.h */,
				B538509317BE6B0400FCFC14 /* KWAsyncVerifier.h */,
				B538509417BE6B0400FCFC14 /* KWBeBetweenMatcher.h */,
				B538509517BE6B0400FCFC14 /* KWBeEmptyMatcher.h */,
				B538509617BE6B0400FCFC14 /* KWBeforeAllNode.h */,
				B538509717BE6B0400FCFC14 /* KWBeforeEachNode.h */,
				B538509817BE6B0400FCFC14 /* KWBeIdenticalToMatcher.h */,
				B538509917BE6B0400FCFC14 /* KWBeKindOfClassMatcher.h */,
				B538509A17BE6B0400FCFC14 /* KWBeMemberOfClassMatcher.h */,
				B538509B17BE6B0400FCFC14 /* KWBeNilMatcher.h */,
				B538509C17BE6B0400FCFC14 /* KWBeNonNilMatcher.h */,
				B538509D17BE6B0400FCFC14 /* KWBeSubclassOfClassMatcher.h */,
				B538509E17BE6B0400FCFC14 /* KWBeTrueMatcher.h */,
				B538509F17BE6B0400FCFC14 /* KWBeWithinMatcher.h */,
				B53850A017BE6B0400FCFC14 /* KWBeZeroMatcher.h */,
				B53850A117BE6B0400FCFC14 /* KWBlock.h */,
				B53850A217BE6B0400FCFC14 /* KWBlockNode.h */,
				B53850A317BE6B0400FCFC14 /* KWBlockRaiseMatcher.h */,
				B53850A417BE6B0400FCFC14 /* KWCallSite.h */,
				B53850A517BE6B0400FCFC14 /* KWCaptureSpy.h */,
				B53850A617BE6B0400FCFC14 /* KWChangeMatcher.h */,
				B53850A717BE6B0400FCFC14 /* KWConformToProtocolMatcher.h */,
				B53850A817BE6B0400FCFC14 /* KWContainMatcher.h */,
				B53850A917BE6B0400FCFC14 /* KWContextNode.h */,
				B53850AA17BE6B0400FCFC14 /* KWCountType.h */,
				B53850AB17BE6B0400FCFC14 /* KWDeviceInfo.h */,
				B53850AC17BE6B0400FCFC14 /* KWEqualMatcher.h */,
				B53850AD17BE6B0400FCFC14 /* KWExample.h */,
				B53850AE17BE6B0400FCFC14 /* KWExampleGroupBuilder.h */,
				B53850AF17BE6B0400FCFC14 /* KWExampleGroupDelegate.h */,
				B53850B017BE6B0400FCFC14 /* KWExampleNode.h */,
				B53850B117BE6B0400FCFC14 /* KWExampleNodeVisitor.h */,
				B53850B217BE6B0400FCFC14 /* KWExampleSuite.h */,
				B53850B317BE6B0400FCFC14 /* KWExistVerifier.h */,
				B53850B417BE6B0400FCFC14 /* KWExpectationType.h */,
				B53850B517BE6B0400FCFC14 /* KWFailure.h */,
				B53850B617BE6B0400FCFC14 /* KWFormatter.h */,
				B53850B717BE6B0400FCFC14 /* KWFutureObject.h */,
				B53850B817BE6B0400FCFC14 /* KWGenericMatcher.h */,
				B53850B917BE6B0400FCFC14 /* KWGenericMatchingAdditions.h */,
				B53850BA17BE6B0400FCFC14 /* KWHaveMatcher.h */,
				B53850BB17BE6B0400FCFC14 /* KWHaveValueMatcher.h */,
				B53850BC17BE6B0400FCFC14 /* KWInequalityMatcher.h */,
				B53850BD17BE6B0400FCFC14 /* KWIntercept.h */,
				B53850BE17BE6B0400FCFC14 /* KWInvocationCapturer.h */,
				B53850BF17BE6B0400FCFC14 /* KWItNode.h */,
				B53850C017BE6B0400FCFC14 /* KWMatcher.h */,
				B53850C117BE6B0400FCFC14 /* KWMatcherFactory.h */,
				B53850C217BE6B0400FCFC14 /* KWMatchers.h */,
				B53850C317BE6B0400FCFC14 /* KWMatching.h */,
				B53850C417BE6B0400FCFC14 /* KWMatchVerifier.h */,
				B53850C517BE6B0400FCFC14 /* KWMessagePattern.h */,
				B53850C617BE6B0400FCFC14 /* KWMessageSpying.h */,
				B53850C717BE6B0400FCFC14 /* KWMessageTracker.h */,
				B53850C817BE6B0400FCFC14 /* KWMock.h */,
				B53850C917BE6B0400FCFC14 /* KWNull.h */,
				B53850CA17BE6B0400FCFC14 /* KWObjCUtilities.h */,
				B53850CB17BE6B0400FCFC14 /* KWPendingNode.h */,
				B53850CC17BE6B0400FCFC14 /* KWProbe.h */,
				B53850CD17BE6B0400FCFC14 /* KWProbePoller.h */,
				B53850CE17BE6B0400FCFC14 /* KWRaiseMatcher.h */,
				B53850CF17BE6B0400FCFC14 /* KWReceiveMatcher.h */,
				B53850D017BE6B0400FCFC14 /* KWRegisterMatchersNode.h */,
				B53850D117BE6B0400FCFC14 /* KWReporting.h */,
				B53850D217BE6B0400FCFC14 /* KWRespondToSelectorMatcher.h */,
				B53850D317BE6B0400FCFC14 /* KWSpec.h */,
				B53850D417BE6B0400FCFC14 /* KWStringContainsMatcher.h */,
				B53850D517BE6B0400FCFC14 /* KWStringPrefixMatcher.h */,
				B53850D617BE6B0400FCFC14 /* KWStringUtilities.h */,
				B53850D717BE6B0400FCFC14 /* KWStub.h */,
				B53850D817BE6B0400FCFC14 /* KWTestCase.h */,
				B53850D917BE6B0400FCFC14 /* KWUserDefinedMatcher.h */,
				B53850DA17BE6B0400FCFC14 /* KWValue.h */,
				B53850DB17BE6B0400FCFC14 /* KWVerifying.h */,
				B53850DC17BE6B0400FCFC14 /* KWWorkarounds.h */,
				B53850DD17BE6B0400FCFC14 /* NSInvocation+KiwiAdditions.h */,
				B53850DE17BE6B0400FCFC14 /* NSInvocation+OCMAdditions.h */,
				B53850DF17BE6B0400FCFC14 /* NSMethodSignature+KiwiAdditions.h */,
				B53850E017BE6B0400FCFC14 /* NSNumber+KiwiAdditions.h */,
				B53850E117BE6B0400FCFC14 /* NSObject+KiwiMockAdditions.h */,
				B53850E217BE6B0400FCFC14 /* NSObject+KiwiSpyAdditions.h */,
				B53850E317BE6B0400FCFC14 /* NSObject+KiwiStubAdditions.h */,
				B53850E417BE6B0400FCFC14 /* NSObject+KiwiVerifierAdditions.h */,
				B53850E517BE6B0400FCFC14 /* NSValue+KiwiAdditions.h */,
			);
			path = Kiwi;
			sourceTree = "<group>";
		};
		B53850E617BE6B0400FCFC14 /* lib */ = {
			isa = PBXGroup;
			children = (
				B53850E717BE6B0400FCFC14 /* libKiwi-OSX.a */,
				B53850E817BE6B0400FCFC14 /* libKiwi.a */,
			);
			path = lib;
			sourceTree = "<group>";
		};
		B53850EA17BE6B0400FCFC14 /* mogenerator */ = {
			isa = PBXGroup;
			children = (
				B53850EB17BE6B0400FCFC14 /* mogenerator */,
				B53850EC17BE6B0400FCFC14 /* mogenerator.webloc */,
			);
			path = mogenerator;
			sourceTree = "<group>";
		};
		B53850FA17BE6C0A00FCFC14 /* Model */ = {
			isa = PBXGroup;
			children = (
				B538510117BE6C0A00FCFC14 /* BBEntities.h */,
				B51C1A2517BF9CE300384F12 /* Generated */,
				B51C1A2617BF9CEB00384F12 /* Entities */,
			);
			path = Model;
			sourceTree = "<group>";
		};
		B5D3C47217BE6982000EC458 = {
			isa = PBXGroup;
			children = (
				B5D3C48017BE6983000EC458 /* BBFetchedResultsController */,
				B5D3C49517BE6983000EC458 /* BBFetchedResultsControllerTests */,
				B5D3C47D17BE6982000EC458 /* Frameworks */,
				B5D3C47C17BE6982000EC458 /* Products */,
				B538508717BE6B0400FCFC14 /* Vendor */,
			);
			sourceTree = "<group>";
		};
		B5D3C47C17BE6982000EC458 /* Products */ = {
			isa = PBXGroup;
			children = (
				B5D3C47B17BE6982000EC458 /* libBBFetchedResultsController-iOS.a */,
				B5D3C48C17BE6983000EC458 /* BBFetchedResultsControllerTests-iOS.octest */,
				B5D3C4AA17BE699C000EC458 /* libBBFetchedResultsController-Mac.a */,
				B5D3C4BC17BE699C000EC458 /* BBFetchedResultsControllerTests-Mac.octest */,
			);
			name = Products;
			sourceTree = "<group>";
		};
		B5D3C47D17BE6982000EC458 /* Frameworks */ = {
			isa = PBXGroup;
			children = (
				B538511617BE6D8000FCFC14 /* CoreData.framework */,
				B538511417BE6D6200FCFC14 /* CoreData.framework */,
				B5D3C47E17BE6982000EC458 /* Foundation.framework */,
				B5D3C48D17BE6983000EC458 /* SenTestingKit.framework */,
				B5D3C48F17BE6983000EC458 /* UIKit.framework */,
				B5D3C4AB17BE699C000EC458 /* Cocoa.framework */,
			);
			name = Frameworks;
			sourceTree = "<group>";
		};
		B5D3C48017BE6983000EC458 /* BBFetchedResultsController */ = {
			isa = PBXGroup;
			children = (
				B5D3C48317BE6983000EC458 /* BBFetchedResultsController.h */,
				B5D3C48517BE6983000EC458 /* BBFetchedResultsController.m */,
				B5D3C4D117BE6A0F000EC458 /* BBFetchedResultsIndexPath.h */,
				B5D3C4D217BE6A0F000EC458 /* BBFetchedResultsIndexPath.m */,
				B5D3C4D317BE6A0F000EC458 /* BBFetchedResultsObjectChange.h */,
				B5D3C4D417BE6A0F000EC458 /* BBFetchedResultsObjectChange.m */,
				B5D3C4D517BE6A0F000EC458 /* BBFetchedResultsSection.h */,
				B5D3C4D617BE6A0F000EC458 /* BBFetchedResultsSection.m */,
			);
			path = BBFetchedResultsController;
			sourceTree = "<group>";
		};
		B5D3C49517BE6983000EC458 /* BBFetchedResultsControllerTests */ = {
			isa = PBXGroup;
			children = (
				B53850F717BE6BF600FCFC14 /* BBFetchedResultsControllerSpec.m */,
				B51C1A2717C1073A00384F12 /* BBNonFineGrainedDelegate.h */,
				B51C1A2817C1073A00384F12 /* BBNonFineGrainedDelegate.m */,
				B51C1A2117BEF7DA00384F12 /* DataModel.xcdatamodeld */,
				B53850FA17BE6C0A00FCFC14 /* Model */,
			);
			path = BBFetchedResultsControllerTests;
			sourceTree = "<group>";
		};
/* End PBXGroup section */

/* Begin PBXHeadersBuildPhase section */
		B5D3C4A817BE699C000EC458 /* Headers */ = {
			isa = PBXHeadersBuildPhase;
			buildActionMask = 2147483647;
			files = (
				B5D3C4D717BE6A0F000EC458 /* BBFetchedResultsIndexPath.h in Headers */,
				B5D3C4DA17BE6A0F000EC458 /* BBFetchedResultsObjectChange.h in Headers */,
				B5D3C4DD17BE6A0F000EC458 /* BBFetchedResultsSection.h in Headers */,
			);
			runOnlyForDeploymentPostprocessing = 0;
		};
/* End PBXHeadersBuildPhase section */

/* Begin PBXNativeTarget section */
		B5D3C47A17BE6982000EC458 /* BBFetchedResultsController-iOS */ = {
			isa = PBXNativeTarget;
			buildConfigurationList = B5D3C4A017BE6983000EC458 /* Build configuration list for PBXNativeTarget "BBFetchedResultsController-iOS" */;
			buildPhases = (
				B5D3C47717BE6982000EC458 /* Sources */,
				B5D3C47817BE6982000EC458 /* Frameworks */,
				B5D3C47917BE6982000EC458 /* CopyFiles */,
			);
			buildRules = (
			);
			dependencies = (
			);
			name = "BBFetchedResultsController-iOS";
			productName = BBFetchedResultsController;
			productReference = B5D3C47B17BE6982000EC458 /* libBBFetchedResultsController-iOS.a */;
			productType = "com.apple.product-type.library.static";
		};
		B5D3C48B17BE6983000EC458 /* BBFetchedResultsControllerTests-iOS */ = {
			isa = PBXNativeTarget;
			buildConfigurationList = B5D3C4A317BE6983000EC458 /* Build configuration list for PBXNativeTarget "BBFetchedResultsControllerTests-iOS" */;
			buildPhases = (
				B5D3C48717BE6983000EC458 /* Sources */,
				B5D3C48817BE6983000EC458 /* Frameworks */,
				B5D3C48917BE6983000EC458 /* Resources */,
				B5D3C48A17BE6983000EC458 /* ShellScript */,
			);
			buildRules = (
			);
			dependencies = (
				B5D3C49317BE6983000EC458 /* PBXTargetDependency */,
			);
			name = "BBFetchedResultsControllerTests-iOS";
			productName = BBFetchedResultsControllerTests;
			productReference = B5D3C48C17BE6983000EC458 /* BBFetchedResultsControllerTests-iOS.octest */;
			productType = "com.apple.product-type.bundle";
		};
		B5D3C4A917BE699C000EC458 /* BBFetchedResultsController-Mac */ = {
			isa = PBXNativeTarget;
			buildConfigurationList = B5D3C4CB17BE699C000EC458 /* Build configuration list for PBXNativeTarget "BBFetchedResultsController-Mac" */;
			buildPhases = (
				B5D3C4A617BE699C000EC458 /* Sources */,
				B5D3C4A717BE699C000EC458 /* Frameworks */,
				B5D3C4A817BE699C000EC458 /* Headers */,
			);
			buildRules = (
			);
			dependencies = (
			);
			name = "BBFetchedResultsController-Mac";
			productName = "BBFetchedResultsController for Mac";
			productReference = B5D3C4AA17BE699C000EC458 /* libBBFetchedResultsController-Mac.a */;
			productType = "com.apple.product-type.library.static";
		};
		B5D3C4BB17BE699C000EC458 /* BBFetchedResultsControllerTests-Mac */ = {
			isa = PBXNativeTarget;
			buildConfigurationList = B5D3C4CE17BE699C000EC458 /* Build configuration list for PBXNativeTarget "BBFetchedResultsControllerTests-Mac" */;
			buildPhases = (
				B5D3C4B717BE699C000EC458 /* Sources */,
				B5D3C4B817BE699C000EC458 /* Frameworks */,
				B5D3C4B917BE699C000EC458 /* Resources */,
				B5D3C4BA17BE699C000EC458 /* ShellScript */,
			);
			buildRules = (
			);
			dependencies = (
				B5D3C4C017BE699C000EC458 /* PBXTargetDependency */,
			);
			name = "BBFetchedResultsControllerTests-Mac";
			productName = "BBFetchedResultsController for MacTests";
			productReference = B5D3C4BC17BE699C000EC458 /* BBFetchedResultsControllerTests-Mac.octest */;
			productType = "com.apple.product-type.bundle";
		};
/* End PBXNativeTarget section */

/* Begin PBXProject section */
		B5D3C47317BE6982000EC458 /* Project object */ = {
			isa = PBXProject;
			attributes = {
				LastUpgradeCheck = 0460;
				ORGANIZATIONNAME = "Ben Blakely";
			};
			buildConfigurationList = B5D3C47617BE6982000EC458 /* Build configuration list for PBXProject "BBFetchedResultsController" */;
			compatibilityVersion = "Xcode 3.2";
			developmentRegion = English;
			hasScannedForEncodings = 0;
			knownRegions = (
				en,
			);
			mainGroup = B5D3C47217BE6982000EC458;
			productRefGroup = B5D3C47C17BE6982000EC458 /* Products */;
			projectDirPath = "";
			projectRoot = "";
			targets = (
				B5D3C47A17BE6982000EC458 /* BBFetchedResultsController-iOS */,
				B5D3C48B17BE6983000EC458 /* BBFetchedResultsControllerTests-iOS */,
				B5D3C4A917BE699C000EC458 /* BBFetchedResultsController-Mac */,
				B5D3C4BB17BE699C000EC458 /* BBFetchedResultsControllerTests-Mac */,
			);
		};
/* End PBXProject section */

/* Begin PBXResourcesBuildPhase section */
		B5D3C48917BE6983000EC458 /* Resources */ = {
			isa = PBXResourcesBuildPhase;
			buildActionMask = 2147483647;
			files = (
			);
			runOnlyForDeploymentPostprocessing = 0;
		};
		B5D3C4B917BE699C000EC458 /* Resources */ = {
			isa = PBXResourcesBuildPhase;
			buildActionMask = 2147483647;
			files = (
			);
			runOnlyForDeploymentPostprocessing = 0;
		};
/* End PBXResourcesBuildPhase section */

/* Begin PBXShellScriptBuildPhase section */
		B5D3C48A17BE6983000EC458 /* ShellScript */ = {
			isa = PBXShellScriptBuildPhase;
			buildActionMask = 2147483647;
			files = (
			);
			inputPaths = (
			);
			outputPaths = (
			);
			runOnlyForDeploymentPostprocessing = 0;
			shellPath = /bin/sh;
			shellScript = "# Run the unit tests in this test bundle.\n\"${SYSTEM_DEVELOPER_DIR}/Tools/RunUnitTests\"\n";
		};
		B5D3C4BA17BE699C000EC458 /* ShellScript */ = {
			isa = PBXShellScriptBuildPhase;
			buildActionMask = 2147483647;
			files = (
			);
			inputPaths = (
			);
			outputPaths = (
			);
			runOnlyForDeploymentPostprocessing = 0;
			shellPath = /bin/sh;
			shellScript = "# Run the unit tests in this test bundle.\n\"${SYSTEM_DEVELOPER_DIR}/Tools/RunUnitTests\"\n";
		};
/* End PBXShellScriptBuildPhase section */

/* Begin PBXSourcesBuildPhase section */
		B5D3C47717BE6982000EC458 /* Sources */ = {
			isa = PBXSourcesBuildPhase;
			buildActionMask = 2147483647;
			files = (
				B5D3C48617BE6983000EC458 /* BBFetchedResultsController.m in Sources */,
				B5D3C4D817BE6A0F000EC458 /* BBFetchedResultsIndexPath.m in Sources */,
				B5D3C4DB17BE6A0F000EC458 /* BBFetchedResultsObjectChange.m in Sources */,
				B5D3C4DE17BE6A0F000EC458 /* BBFetchedResultsSection.m in Sources */,
			);
			runOnlyForDeploymentPostprocessing = 0;
		};
		B5D3C48717BE6983000EC458 /* Sources */ = {
			isa = PBXSourcesBuildPhase;
			buildActionMask = 2147483647;
			files = (
				B53850F817BE6BF600FCFC14 /* BBFetchedResultsControllerSpec.m in Sources */,
				B538510817BE6C0A00FCFC14 /* _BBList.m in Sources */,
				B538510A17BE6C0A00FCFC14 /* _BBPerson.m in Sources */,
				B538510C17BE6C0A00FCFC14 /* _BBToDo.m in Sources */,
				B538510E17BE6C0A00FCFC14 /* BBList.m in Sources */,
				B538511017BE6C0A00FCFC14 /* BBPerson.m in Sources */,
				B538511217BE6C0A00FCFC14 /* BBToDo.m in Sources */,
				B51C1A2317BEF7DA00384F12 /* DataModel.xcdatamodeld in Sources */,
				B51C1A2917C1073A00384F12 /* BBNonFineGrainedDelegate.m in Sources */,
			);
			runOnlyForDeploymentPostprocessing = 0;
		};
		B5D3C4A617BE699C000EC458 /* Sources */ = {
			isa = PBXSourcesBuildPhase;
			buildActionMask = 2147483647;
			files = (
				B5D3C4D917BE6A0F000EC458 /* BBFetchedResultsIndexPath.m in Sources */,
				B5D3C4DC17BE6A0F000EC458 /* BBFetchedResultsObjectChange.m in Sources */,
				B5D3C4DF17BE6A0F000EC458 /* BBFetchedResultsSection.m in Sources */,
				B5D3C4E017BE6A2F000EC458 /* BBFetchedResultsController.m in Sources */,
			);
			runOnlyForDeploymentPostprocessing = 0;
		};
		B5D3C4B717BE699C000EC458 /* Sources */ = {
			isa = PBXSourcesBuildPhase;
			buildActionMask = 2147483647;
			files = (
				B53850F917BE6BF600FCFC14 /* BBFetchedResultsControllerSpec.m in Sources */,
				B538510917BE6C0A00FCFC14 /* _BBList.m in Sources */,
				B538510B17BE6C0A00FCFC14 /* _BBPerson.m in Sources */,
				B538510D17BE6C0A00FCFC14 /* _BBToDo.m in Sources */,
				B538510F17BE6C0A00FCFC14 /* BBList.m in Sources */,
				B538511117BE6C0A00FCFC14 /* BBPerson.m in Sources */,
				B538511317BE6C0A00FCFC14 /* BBToDo.m in Sources */,
				B51C1A2417BEF7DA00384F12 /* DataModel.xcdatamodeld in Sources */,
				B51C1A2A17C1073A00384F12 /* BBNonFineGrainedDelegate.m in Sources */,
			);
			runOnlyForDeploymentPostprocessing = 0;
		};
/* End PBXSourcesBuildPhase section */

/* Begin PBXTargetDependency section */
		B5D3C49317BE6983000EC458 /* PBXTargetDependency */ = {
			isa = PBXTargetDependency;
			target = B5D3C47A17BE6982000EC458 /* BBFetchedResultsController-iOS */;
			targetProxy = B5D3C49217BE6983000EC458 /* PBXContainerItemProxy */;
		};
		B5D3C4C017BE699C000EC458 /* PBXTargetDependency */ = {
			isa = PBXTargetDependency;
			target = B5D3C4A917BE699C000EC458 /* BBFetchedResultsController-Mac */;
			targetProxy = B5D3C4BF17BE699C000EC458 /* PBXContainerItemProxy */;
		};
/* End PBXTargetDependency section */

/* Begin XCBuildConfiguration section */
		B5D3C49E17BE6983000EC458 /* Debug */ = {
			isa = XCBuildConfiguration;
			buildSettings = {
				ALWAYS_SEARCH_USER_PATHS = NO;
				CLANG_CXX_LANGUAGE_STANDARD = "gnu++0x";
				CLANG_CXX_LIBRARY = "libc++";
				CLANG_ENABLE_OBJC_ARC = YES;
				CLANG_WARN_CONSTANT_CONVERSION = YES;
				CLANG_WARN_EMPTY_BODY = YES;
				CLANG_WARN_ENUM_CONVERSION = YES;
				CLANG_WARN_INT_CONVERSION = YES;
				CLANG_WARN__DUPLICATE_METHOD_MATCH = YES;
				COPY_PHASE_STRIP = NO;
				GCC_C_LANGUAGE_STANDARD = gnu99;
				GCC_DYNAMIC_NO_PIC = NO;
				GCC_OPTIMIZATION_LEVEL = 0;
				GCC_PREPROCESSOR_DEFINITIONS = (
					"DEBUG=1",
					"$(inherited)",
				);
				GCC_SYMBOLS_PRIVATE_EXTERN = NO;
				GCC_WARN_ABOUT_RETURN_TYPE = YES;
				GCC_WARN_UNINITIALIZED_AUTOS = YES;
				GCC_WARN_UNUSED_VARIABLE = YES;
				IPHONEOS_DEPLOYMENT_TARGET = 6.1;
				ONLY_ACTIVE_ARCH = YES;
				SDKROOT = iphoneos;
			};
			name = Debug;
		};
		B5D3C49F17BE6983000EC458 /* Release */ = {
			isa = XCBuildConfiguration;
			buildSettings = {
				ALWAYS_SEARCH_USER_PATHS = NO;
				CLANG_CXX_LANGUAGE_STANDARD = "gnu++0x";
				CLANG_CXX_LIBRARY = "libc++";
				CLANG_ENABLE_OBJC_ARC = YES;
				CLANG_WARN_CONSTANT_CONVERSION = YES;
				CLANG_WARN_EMPTY_BODY = YES;
				CLANG_WARN_ENUM_CONVERSION = YES;
				CLANG_WARN_INT_CONVERSION = YES;
				CLANG_WARN__DUPLICATE_METHOD_MATCH = YES;
				COPY_PHASE_STRIP = YES;
				GCC_C_LANGUAGE_STANDARD = gnu99;
				GCC_WARN_ABOUT_RETURN_TYPE = YES;
				GCC_WARN_UNINITIALIZED_AUTOS = YES;
				GCC_WARN_UNUSED_VARIABLE = YES;
				IPHONEOS_DEPLOYMENT_TARGET = 6.1;
				SDKROOT = iphoneos;
				VALIDATE_PRODUCT = YES;
			};
			name = Release;
		};
		B5D3C4A117BE6983000EC458 /* Debug */ = {
			isa = XCBuildConfiguration;
			buildSettings = {
				DSTROOT = /tmp/BBFetchedResultsController.dst;
				GCC_PRECOMPILE_PREFIX_HEADER = YES;
				IPHONEOS_DEPLOYMENT_TARGET = 5.1;
				OTHER_LDFLAGS = "-ObjC";
				PRODUCT_NAME = "$(TARGET_NAME)";
				SKIP_INSTALL = YES;
			};
			name = Debug;
		};
		B5D3C4A217BE6983000EC458 /* Release */ = {
			isa = XCBuildConfiguration;
			buildSettings = {
				DSTROOT = /tmp/BBFetchedResultsController.dst;
				GCC_PRECOMPILE_PREFIX_HEADER = YES;
				IPHONEOS_DEPLOYMENT_TARGET = 5.1;
				OTHER_LDFLAGS = "-ObjC";
				PRODUCT_NAME = "$(TARGET_NAME)";
				SKIP_INSTALL = YES;
			};
			name = Release;
		};
		B5D3C4A417BE6983000EC458 /* Debug */ = {
			isa = XCBuildConfiguration;
			buildSettings = {
				FRAMEWORK_SEARCH_PATHS = (
					"\"$(SDKROOT)/Developer/Library/Frameworks\"",
					"\"$(DEVELOPER_LIBRARY_DIR)/Frameworks\"",
				);
				GCC_PRECOMPILE_PREFIX_HEADER = YES;
				HEADER_SEARCH_PATHS = "\"$(SRCROOT)/Vendor/Kiwi/include\"";
				LIBRARY_SEARCH_PATHS = (
					"$(inherited)",
					"\"$(SRCROOT)/Vendor/Kiwi/lib\"",
				);
				OTHER_LDFLAGS = "-ObjC";
				PRODUCT_NAME = "$(TARGET_NAME)";
				WRAPPER_EXTENSION = octest;
			};
			name = Debug;
		};
		B5D3C4A517BE6983000EC458 /* Release */ = {
			isa = XCBuildConfiguration;
			buildSettings = {
				FRAMEWORK_SEARCH_PATHS = (
					"\"$(SDKROOT)/Developer/Library/Frameworks\"",
					"\"$(DEVELOPER_LIBRARY_DIR)/Frameworks\"",
				);
				GCC_PRECOMPILE_PREFIX_HEADER = YES;
				HEADER_SEARCH_PATHS = "\"$(SRCROOT)/Vendor/Kiwi/include\"";
				LIBRARY_SEARCH_PATHS = (
					"$(inherited)",
					"\"$(SRCROOT)/Vendor/Kiwi/lib\"",
				);
				OTHER_LDFLAGS = "-ObjC";
				PRODUCT_NAME = "$(TARGET_NAME)";
				WRAPPER_EXTENSION = octest;
			};
			name = Release;
		};
		B5D3C4CC17BE699C000EC458 /* Debug */ = {
			isa = XCBuildConfiguration;
			buildSettings = {
				ARCHS = "$(ARCHS_STANDARD_64_BIT)";
				FRAMEWORK_SEARCH_PATHS = (
					"$(inherited)",
					"\"$(SYSTEM_APPS_DIR)/Xcode.app/Contents/Developer/Library/Frameworks\"",
				);
				GCC_ENABLE_OBJC_EXCEPTIONS = YES;
				GCC_PRECOMPILE_PREFIX_HEADER = YES;
				GCC_WARN_64_TO_32_BIT_CONVERSION = YES;
				MACOSX_DEPLOYMENT_TARGET = 10.7;
				PRODUCT_NAME = "$(TARGET_NAME)";
				SDKROOT = macosx;
			};
			name = Debug;
		};
		B5D3C4CD17BE699C000EC458 /* Release */ = {
			isa = XCBuildConfiguration;
			buildSettings = {
				ARCHS = "$(ARCHS_STANDARD_64_BIT)";
				DEBUG_INFORMATION_FORMAT = "dwarf-with-dsym";
				FRAMEWORK_SEARCH_PATHS = (
					"$(inherited)",
					"\"$(SYSTEM_APPS_DIR)/Xcode.app/Contents/Developer/Library/Frameworks\"",
				);
				GCC_ENABLE_OBJC_EXCEPTIONS = YES;
				GCC_PRECOMPILE_PREFIX_HEADER = YES;
				GCC_WARN_64_TO_32_BIT_CONVERSION = YES;
				MACOSX_DEPLOYMENT_TARGET = 10.7;
				PRODUCT_NAME = "$(TARGET_NAME)";
				SDKROOT = macosx;
			};
			name = Release;
		};
		B5D3C4CF17BE699C000EC458 /* Debug */ = {
			isa = XCBuildConfiguration;
			buildSettings = {
				ARCHS = "$(ARCHS_STANDARD_64_BIT)";
				COMBINE_HIDPI_IMAGES = YES;
				FRAMEWORK_SEARCH_PATHS = "\"$(DEVELOPER_LIBRARY_DIR)/Frameworks\"";
				GCC_ENABLE_OBJC_EXCEPTIONS = YES;
				GCC_PRECOMPILE_PREFIX_HEADER = YES;
				GCC_WARN_64_TO_32_BIT_CONVERSION = YES;
				LIBRARY_SEARCH_PATHS = (
					"$(inherited)",
					"\"$(SRCROOT)/Vendor/Kiwi/lib\"",
				);
				MACOSX_DEPLOYMENT_TARGET = 10.8;
				OTHER_LDFLAGS = "-ObjC";
				PRODUCT_NAME = "$(TARGET_NAME)";
				SDKROOT = macosx;
				USER_HEADER_SEARCH_PATHS = "";
				WRAPPER_EXTENSION = octest;
			};
			name = Debug;
		};
		B5D3C4D017BE699C000EC458 /* Release */ = {
			isa = XCBuildConfiguration;
			buildSettings = {
				ARCHS = "$(ARCHS_STANDARD_64_BIT)";
				COMBINE_HIDPI_IMAGES = YES;
				DEBUG_INFORMATION_FORMAT = "dwarf-with-dsym";
				FRAMEWORK_SEARCH_PATHS = "\"$(DEVELOPER_LIBRARY_DIR)/Frameworks\"";
				GCC_ENABLE_OBJC_EXCEPTIONS = YES;
				GCC_PRECOMPILE_PREFIX_HEADER = YES;
				GCC_WARN_64_TO_32_BIT_CONVERSION = YES;
				LIBRARY_SEARCH_PATHS = (
					"$(inherited)",
					"\"$(SRCROOT)/Vendor/Kiwi/lib\"",
				);
				MACOSX_DEPLOYMENT_TARGET = 10.8;
				OTHER_LDFLAGS = "-ObjC";
				PRODUCT_NAME = "$(TARGET_NAME)";
				SDKROOT = macosx;
				USER_HEADER_SEARCH_PATHS = "";
				WRAPPER_EXTENSION = octest;
			};
			name = Release;
		};
/* End XCBuildConfiguration section */

/* Begin XCConfigurationList section */
		B5D3C47617BE6982000EC458 /* Build configuration list for PBXProject "BBFetchedResultsController" */ = {
			isa = XCConfigurationList;
			buildConfigurations = (
				B5D3C49E17BE6983000EC458 /* Debug */,
				B5D3C49F17BE6983000EC458 /* Release */,
			);
			defaultConfigurationIsVisible = 0;
			defaultConfigurationName = Release;
		};
		B5D3C4A017BE6983000EC458 /* Build configuration list for PBXNativeTarget "BBFetchedResultsController-iOS" */ = {
			isa = XCConfigurationList;
			buildConfigurations = (
				B5D3C4A117BE6983000EC458 /* Debug */,
				B5D3C4A217BE6983000EC458 /* Release */,
			);
			defaultConfigurationIsVisible = 0;
			defaultConfigurationName = Release;
		};
		B5D3C4A317BE6983000EC458 /* Build configuration list for PBXNativeTarget "BBFetchedResultsControllerTests-iOS" */ = {
			isa = XCConfigurationList;
			buildConfigurations = (
				B5D3C4A417BE6983000EC458 /* Debug */,
				B5D3C4A517BE6983000EC458 /* Release */,
			);
			defaultConfigurationIsVisible = 0;
			defaultConfigurationName = Release;
		};
		B5D3C4CB17BE699C000EC458 /* Build configuration list for PBXNativeTarget "BBFetchedResultsController-Mac" */ = {
			isa = XCConfigurationList;
			buildConfigurations = (
				B5D3C4CC17BE699C000EC458 /* Debug */,
				B5D3C4CD17BE699C000EC458 /* Release */,
			);
			defaultConfigurationIsVisible = 0;
			defaultConfigurationName = Release;
		};
		B5D3C4CE17BE699C000EC458 /* Build configuration list for PBXNativeTarget "BBFetchedResultsControllerTests-Mac" */ = {
			isa = XCConfigurationList;
			buildConfigurations = (
				B5D3C4CF17BE699C000EC458 /* Debug */,
				B5D3C4D017BE699C000EC458 /* Release */,
			);
			defaultConfigurationIsVisible = 0;
			defaultConfigurationName = Release;
		};
/* End XCConfigurationList section */

/* Begin XCVersionGroup section */
		B51C1A2117BEF7DA00384F12 /* DataModel.xcdatamodeld */ = {
			isa = XCVersionGroup;
			children = (
				B51C1A2217BEF7DA00384F12 /* Demo.xcdatamodel */,
			);
			currentVersion = B51C1A2217BEF7DA00384F12 /* Demo.xcdatamodel */;
			path = DataModel.xcdatamodeld;
			sourceTree = "<group>";
			versionGroupType = wrapper.xcdatamodel;
		};
/* End XCVersionGroup section */
	};
	rootObject = B5D3C47317BE6982000EC458 /* Project object */;
}
