// !$*UTF8*$!
{
	archiveVersion = 1;
	classes = {
	};
	objectVersion = 46;
	objects = {

/* Begin PBXAggregateTarget section */
		B571A76817B66F520020F6BE /* mogenerator */ = {
			isa = PBXAggregateTarget;
			buildConfigurationList = B571A76917B66F520020F6BE /* Build configuration list for PBXAggregateTarget "mogenerator" */;
			buildPhases = (
				B571A76C17B66F5F0020F6BE /* ShellScript */,
			);
			dependencies = (
			);
			name = mogenerator;
			productName = mogenerator;
		};
/* End PBXAggregateTarget section */

/* Begin PBXBuildFile section */
		B571A72317B6615F0020F6BE /* Foundation.framework in Frameworks */ = {isa = PBXBuildFile; fileRef = B571A72217B6615E0020F6BE /* Foundation.framework */; };
		B571A72817B6615F0020F6BE /* BBFetchedResultsController.h in CopyFiles */ = {isa = PBXBuildFile; fileRef = B571A72717B6615F0020F6BE /* BBFetchedResultsController.h */; };
		B571A72A17B6615F0020F6BE /* BBFetchedResultsController.m in Sources */ = {isa = PBXBuildFile; fileRef = B571A72917B6615F0020F6BE /* BBFetchedResultsController.m */; };
		B571A73217B6615F0020F6BE /* SenTestingKit.framework in Frameworks */ = {isa = PBXBuildFile; fileRef = B571A73117B6615F0020F6BE /* SenTestingKit.framework */; };
		B571A73417B6615F0020F6BE /* UIKit.framework in Frameworks */ = {isa = PBXBuildFile; fileRef = B571A73317B6615F0020F6BE /* UIKit.framework */; };
		B571A73517B6615F0020F6BE /* Foundation.framework in Frameworks */ = {isa = PBXBuildFile; fileRef = B571A72217B6615E0020F6BE /* Foundation.framework */; };
		B571A73817B6615F0020F6BE /* libBBFetchedResultsController.a in Frameworks */ = {isa = PBXBuildFile; fileRef = B571A71F17B6615E0020F6BE /* libBBFetchedResultsController.a */; };
		B571A73E17B6615F0020F6BE /* InfoPlist.strings in Resources */ = {isa = PBXBuildFile; fileRef = B571A73C17B6615F0020F6BE /* InfoPlist.strings */; };
		B571A74B17B663320020F6BE /* CoreData.framework in Frameworks */ = {isa = PBXBuildFile; fileRef = B571A74A17B663320020F6BE /* CoreData.framework */; };
		B571A74E17B664300020F6BE /* BBFetchedResultsIndexPath.m in Sources */ = {isa = PBXBuildFile; fileRef = B571A74D17B664300020F6BE /* BBFetchedResultsIndexPath.m */; };
		B571A75D17B66AA10020F6BE /* CoreData.framework in Frameworks */ = {isa = PBXBuildFile; fileRef = B571A74A17B663320020F6BE /* CoreData.framework */; };
		B571A76017B66C1A0020F6BE /* DataModel.xcdatamodeld in Sources */ = {isa = PBXBuildFile; fileRef = B571A75E17B66C1A0020F6BE /* DataModel.xcdatamodeld */; };
		B571A77B17B670D10020F6BE /* _BBList.m in Sources */ = {isa = PBXBuildFile; fileRef = B571A76F17B670D10020F6BE /* _BBList.m */; };
		B571A77C17B670D10020F6BE /* _BBPerson.m in Sources */ = {isa = PBXBuildFile; fileRef = B571A77117B670D10020F6BE /* _BBPerson.m */; };
		B571A77D17B670D10020F6BE /* _BBToDo.m in Sources */ = {isa = PBXBuildFile; fileRef = B571A77317B670D10020F6BE /* _BBToDo.m */; };
		B571A77E17B670D10020F6BE /* BBList.m in Sources */ = {isa = PBXBuildFile; fileRef = B571A77617B670D10020F6BE /* BBList.m */; };
		B571A77F17B670D10020F6BE /* BBPerson.m in Sources */ = {isa = PBXBuildFile; fileRef = B571A77817B670D10020F6BE /* BBPerson.m */; };
		B571A78017B670D10020F6BE /* BBToDo.m in Sources */ = {isa = PBXBuildFile; fileRef = B571A77A17B670D10020F6BE /* BBToDo.m */; };
		B571A85317B6789C0020F6BE /* libKiwi.a in Frameworks */ = {isa = PBXBuildFile; fileRef = B571A85017B6789C0020F6BE /* libKiwi.a */; };
		B571A85717B6790E0020F6BE /* BBFetchedResultsControllerSpec.m in Sources */ = {isa = PBXBuildFile; fileRef = B571A85617B6790E0020F6BE /* BBFetchedResultsControllerSpec.m */; };
		B5C36E8D17BD0B1500F838AC /* BBFetchedResultsSection.m in Sources */ = {isa = PBXBuildFile; fileRef = B5C36E8C17BD0B1500F838AC /* BBFetchedResultsSection.m */; };
		B5C36E9017BD0B8400F838AC /* BBFetchedResultsObjectInsertion.m in Sources */ = {isa = PBXBuildFile; fileRef = B5C36E8F17BD0B8400F838AC /* BBFetchedResultsObjectInsertion.m */; };
		B5C36E9317BD0B9400F838AC /* BBFetchedResultsObjectDeletion.m in Sources */ = {isa = PBXBuildFile; fileRef = B5C36E9217BD0B9400F838AC /* BBFetchedResultsObjectDeletion.m */; };
		B5C36E9617BD0BA900F838AC /* BBFetchedResultsObjectUpdate.m in Sources */ = {isa = PBXBuildFile; fileRef = B5C36E9517BD0BA900F838AC /* BBFetchedResultsObjectUpdate.m */; };
		B5C36E9917BD0BBA00F838AC /* BBFetchedResultsObjectMove.m in Sources */ = {isa = PBXBuildFile; fileRef = B5C36E9817BD0BBA00F838AC /* BBFetchedResultsObjectMove.m */; };
/* End PBXBuildFile section */

/* Begin PBXContainerItemProxy section */
		B571A73617B6615F0020F6BE /* PBXContainerItemProxy */ = {
			isa = PBXContainerItemProxy;
			containerPortal = B571A71717B6615E0020F6BE /* Project object */;
			proxyType = 1;
			remoteGlobalIDString = B571A71E17B6615E0020F6BE;
			remoteInfo = BBFetchedResultsController;
		};
/* End PBXContainerItemProxy section */

/* Begin PBXCopyFilesBuildPhase section */
		B571A71D17B6615E0020F6BE /* CopyFiles */ = {
			isa = PBXCopyFilesBuildPhase;
			buildActionMask = 2147483647;
			dstPath = "include/${PRODUCT_NAME}";
			dstSubfolderSpec = 16;
			files = (
				B571A72817B6615F0020F6BE /* BBFetchedResultsController.h in CopyFiles */,
			);
			runOnlyForDeploymentPostprocessing = 0;
		};
/* End PBXCopyFilesBuildPhase section */

/* Begin PBXFileReference section */
		B571A71F17B6615E0020F6BE /* libBBFetchedResultsController.a */ = {isa = PBXFileReference; explicitFileType = archive.ar; includeInIndex = 0; path = libBBFetchedResultsController.a; sourceTree = BUILT_PRODUCTS_DIR; };
		B571A72217B6615E0020F6BE /* Foundation.framework */ = {isa = PBXFileReference; lastKnownFileType = wrapper.framework; name = Foundation.framework; path = System/Library/Frameworks/Foundation.framework; sourceTree = SDKROOT; };
		B571A72717B6615F0020F6BE /* BBFetchedResultsController.h */ = {isa = PBXFileReference; lastKnownFileType = sourcecode.c.h; path = BBFetchedResultsController.h; sourceTree = "<group>"; };
		B571A72917B6615F0020F6BE /* BBFetchedResultsController.m */ = {isa = PBXFileReference; lastKnownFileType = sourcecode.c.objc; path = BBFetchedResultsController.m; sourceTree = "<group>"; };
		B571A73017B6615F0020F6BE /* BBFetchedResultsControllerTests.octest */ = {isa = PBXFileReference; explicitFileType = wrapper.cfbundle; includeInIndex = 0; path = BBFetchedResultsControllerTests.octest; sourceTree = BUILT_PRODUCTS_DIR; };
		B571A73117B6615F0020F6BE /* SenTestingKit.framework */ = {isa = PBXFileReference; lastKnownFileType = wrapper.framework; name = SenTestingKit.framework; path = Library/Frameworks/SenTestingKit.framework; sourceTree = DEVELOPER_DIR; };
		B571A73317B6615F0020F6BE /* UIKit.framework */ = {isa = PBXFileReference; lastKnownFileType = wrapper.framework; name = UIKit.framework; path = Library/Frameworks/UIKit.framework; sourceTree = DEVELOPER_DIR; };
		B571A73B17B6615F0020F6BE /* BBFetchedResultsControllerTests-Info.plist */ = {isa = PBXFileReference; lastKnownFileType = text.plist.xml; path = "BBFetchedResultsControllerTests-Info.plist"; sourceTree = "<group>"; };
		B571A73D17B6615F0020F6BE /* en */ = {isa = PBXFileReference; lastKnownFileType = text.plist.strings; name = en; path = en.lproj/InfoPlist.strings; sourceTree = "<group>"; };
		B571A74A17B663320020F6BE /* CoreData.framework */ = {isa = PBXFileReference; lastKnownFileType = wrapper.framework; name = CoreData.framework; path = System/Library/Frameworks/CoreData.framework; sourceTree = SDKROOT; };
		B571A74C17B664300020F6BE /* BBFetchedResultsIndexPath.h */ = {isa = PBXFileReference; fileEncoding = 4; lastKnownFileType = sourcecode.c.h; path = BBFetchedResultsIndexPath.h; sourceTree = "<group>"; };
		B571A74D17B664300020F6BE /* BBFetchedResultsIndexPath.m */ = {isa = PBXFileReference; fileEncoding = 4; lastKnownFileType = sourcecode.c.objc; path = BBFetchedResultsIndexPath.m; sourceTree = "<group>"; };
		B571A75F17B66C1A0020F6BE /* Demo.xcdatamodel */ = {isa = PBXFileReference; lastKnownFileType = wrapper.xcdatamodel; path = Demo.xcdatamodel; sourceTree = "<group>"; };
		B571A76E17B670D10020F6BE /* _BBList.h */ = {isa = PBXFileReference; fileEncoding = 4; lastKnownFileType = sourcecode.c.h; path = _BBList.h; sourceTree = "<group>"; };
		B571A76F17B670D10020F6BE /* _BBList.m */ = {isa = PBXFileReference; fileEncoding = 4; lastKnownFileType = sourcecode.c.objc; path = _BBList.m; sourceTree = "<group>"; };
		B571A77017B670D10020F6BE /* _BBPerson.h */ = {isa = PBXFileReference; fileEncoding = 4; lastKnownFileType = sourcecode.c.h; path = _BBPerson.h; sourceTree = "<group>"; };
		B571A77117B670D10020F6BE /* _BBPerson.m */ = {isa = PBXFileReference; fileEncoding = 4; lastKnownFileType = sourcecode.c.objc; path = _BBPerson.m; sourceTree = "<group>"; };
		B571A77217B670D10020F6BE /* _BBToDo.h */ = {isa = PBXFileReference; fileEncoding = 4; lastKnownFileType = sourcecode.c.h; path = _BBToDo.h; sourceTree = "<group>"; };
		B571A77317B670D10020F6BE /* _BBToDo.m */ = {isa = PBXFileReference; fileEncoding = 4; lastKnownFileType = sourcecode.c.objc; path = _BBToDo.m; sourceTree = "<group>"; };
		B571A77417B670D10020F6BE /* BBEntities.h */ = {isa = PBXFileReference; fileEncoding = 4; lastKnownFileType = sourcecode.c.h; path = BBEntities.h; sourceTree = "<group>"; };
		B571A77517B670D10020F6BE /* BBList.h */ = {isa = PBXFileReference; fileEncoding = 4; lastKnownFileType = sourcecode.c.h; path = BBList.h; sourceTree = "<group>"; };
		B571A77617B670D10020F6BE /* BBList.m */ = {isa = PBXFileReference; fileEncoding = 4; lastKnownFileType = sourcecode.c.objc; path = BBList.m; sourceTree = "<group>"; };
		B571A77717B670D10020F6BE /* BBPerson.h */ = {isa = PBXFileReference; fileEncoding = 4; lastKnownFileType = sourcecode.c.h; path = BBPerson.h; sourceTree = "<group>"; };
		B571A77817B670D10020F6BE /* BBPerson.m */ = {isa = PBXFileReference; fileEncoding = 4; lastKnownFileType = sourcecode.c.objc; path = BBPerson.m; sourceTree = "<group>"; };
		B571A77917B670D10020F6BE /* BBToDo.h */ = {isa = PBXFileReference; fileEncoding = 4; lastKnownFileType = sourcecode.c.h; path = BBToDo.h; sourceTree = "<group>"; };
		B571A77A17B670D10020F6BE /* BBToDo.m */ = {isa = PBXFileReference; fileEncoding = 4; lastKnownFileType = sourcecode.c.objc; path = BBToDo.m; sourceTree = "<group>"; };
		B571A7F317B6789C0020F6BE /* Kiwi.h */ = {isa = PBXFileReference; fileEncoding = 4; lastKnownFileType = sourcecode.c.h; path = Kiwi.h; sourceTree = "<group>"; };
		B571A7F417B6789C0020F6BE /* KiwiBlockMacros.h */ = {isa = PBXFileReference; fileEncoding = 4; lastKnownFileType = sourcecode.c.h; path = KiwiBlockMacros.h; sourceTree = "<group>"; };
		B571A7F517B6789C0020F6BE /* KiwiConfiguration.h */ = {isa = PBXFileReference; fileEncoding = 4; lastKnownFileType = sourcecode.c.h; path = KiwiConfiguration.h; sourceTree = "<group>"; };
		B571A7F617B6789C0020F6BE /* KiwiMacros.h */ = {isa = PBXFileReference; fileEncoding = 4; lastKnownFileType = sourcecode.c.h; path = KiwiMacros.h; sourceTree = "<group>"; };
		B571A7F717B6789C0020F6BE /* KiwiNewMacros.h */ = {isa = PBXFileReference; fileEncoding = 4; lastKnownFileType = sourcecode.c.h; path = KiwiNewMacros.h; sourceTree = "<group>"; };
		B571A7F817B6789C0020F6BE /* KWAfterAllNode.h */ = {isa = PBXFileReference; fileEncoding = 4; lastKnownFileType = sourcecode.c.h; path = KWAfterAllNode.h; sourceTree = "<group>"; };
		B571A7F917B6789C0020F6BE /* KWAfterEachNode.h */ = {isa = PBXFileReference; fileEncoding = 4; lastKnownFileType = sourcecode.c.h; path = KWAfterEachNode.h; sourceTree = "<group>"; };
		B571A7FA17B6789C0020F6BE /* KWAny.h */ = {isa = PBXFileReference; fileEncoding = 4; lastKnownFileType = sourcecode.c.h; path = KWAny.h; sourceTree = "<group>"; };
		B571A7FB17B6789C0020F6BE /* KWAsyncVerifier.h */ = {isa = PBXFileReference; fileEncoding = 4; lastKnownFileType = sourcecode.c.h; path = KWAsyncVerifier.h; sourceTree = "<group>"; };
		B571A7FC17B6789C0020F6BE /* KWBeBetweenMatcher.h */ = {isa = PBXFileReference; fileEncoding = 4; lastKnownFileType = sourcecode.c.h; path = KWBeBetweenMatcher.h; sourceTree = "<group>"; };
		B571A7FD17B6789C0020F6BE /* KWBeEmptyMatcher.h */ = {isa = PBXFileReference; fileEncoding = 4; lastKnownFileType = sourcecode.c.h; path = KWBeEmptyMatcher.h; sourceTree = "<group>"; };
		B571A7FE17B6789C0020F6BE /* KWBeforeAllNode.h */ = {isa = PBXFileReference; fileEncoding = 4; lastKnownFileType = sourcecode.c.h; path = KWBeforeAllNode.h; sourceTree = "<group>"; };
		B571A7FF17B6789C0020F6BE /* KWBeforeEachNode.h */ = {isa = PBXFileReference; fileEncoding = 4; lastKnownFileType = sourcecode.c.h; path = KWBeforeEachNode.h; sourceTree = "<group>"; };
		B571A80017B6789C0020F6BE /* KWBeIdenticalToMatcher.h */ = {isa = PBXFileReference; fileEncoding = 4; lastKnownFileType = sourcecode.c.h; path = KWBeIdenticalToMatcher.h; sourceTree = "<group>"; };
		B571A80117B6789C0020F6BE /* KWBeKindOfClassMatcher.h */ = {isa = PBXFileReference; fileEncoding = 4; lastKnownFileType = sourcecode.c.h; path = KWBeKindOfClassMatcher.h; sourceTree = "<group>"; };
		B571A80217B6789C0020F6BE /* KWBeMemberOfClassMatcher.h */ = {isa = PBXFileReference; fileEncoding = 4; lastKnownFileType = sourcecode.c.h; path = KWBeMemberOfClassMatcher.h; sourceTree = "<group>"; };
		B571A80317B6789C0020F6BE /* KWBeNilMatcher.h */ = {isa = PBXFileReference; fileEncoding = 4; lastKnownFileType = sourcecode.c.h; path = KWBeNilMatcher.h; sourceTree = "<group>"; };
		B571A80417B6789C0020F6BE /* KWBeNonNilMatcher.h */ = {isa = PBXFileReference; fileEncoding = 4; lastKnownFileType = sourcecode.c.h; path = KWBeNonNilMatcher.h; sourceTree = "<group>"; };
		B571A80517B6789C0020F6BE /* KWBeSubclassOfClassMatcher.h */ = {isa = PBXFileReference; fileEncoding = 4; lastKnownFileType = sourcecode.c.h; path = KWBeSubclassOfClassMatcher.h; sourceTree = "<group>"; };
		B571A80617B6789C0020F6BE /* KWBeTrueMatcher.h */ = {isa = PBXFileReference; fileEncoding = 4; lastKnownFileType = sourcecode.c.h; path = KWBeTrueMatcher.h; sourceTree = "<group>"; };
		B571A80717B6789C0020F6BE /* KWBeWithinMatcher.h */ = {isa = PBXFileReference; fileEncoding = 4; lastKnownFileType = sourcecode.c.h; path = KWBeWithinMatcher.h; sourceTree = "<group>"; };
		B571A80817B6789C0020F6BE /* KWBeZeroMatcher.h */ = {isa = PBXFileReference; fileEncoding = 4; lastKnownFileType = sourcecode.c.h; path = KWBeZeroMatcher.h; sourceTree = "<group>"; };
		B571A80917B6789C0020F6BE /* KWBlock.h */ = {isa = PBXFileReference; fileEncoding = 4; lastKnownFileType = sourcecode.c.h; path = KWBlock.h; sourceTree = "<group>"; };
		B571A80A17B6789C0020F6BE /* KWBlockNode.h */ = {isa = PBXFileReference; fileEncoding = 4; lastKnownFileType = sourcecode.c.h; path = KWBlockNode.h; sourceTree = "<group>"; };
		B571A80B17B6789C0020F6BE /* KWBlockRaiseMatcher.h */ = {isa = PBXFileReference; fileEncoding = 4; lastKnownFileType = sourcecode.c.h; path = KWBlockRaiseMatcher.h; sourceTree = "<group>"; };
		B571A80C17B6789C0020F6BE /* KWCallSite.h */ = {isa = PBXFileReference; fileEncoding = 4; lastKnownFileType = sourcecode.c.h; path = KWCallSite.h; sourceTree = "<group>"; };
		B571A80D17B6789C0020F6BE /* KWCaptureSpy.h */ = {isa = PBXFileReference; fileEncoding = 4; lastKnownFileType = sourcecode.c.h; path = KWCaptureSpy.h; sourceTree = "<group>"; };
		B571A80E17B6789C0020F6BE /* KWChangeMatcher.h */ = {isa = PBXFileReference; fileEncoding = 4; lastKnownFileType = sourcecode.c.h; path = KWChangeMatcher.h; sourceTree = "<group>"; };
		B571A80F17B6789C0020F6BE /* KWConformToProtocolMatcher.h */ = {isa = PBXFileReference; fileEncoding = 4; lastKnownFileType = sourcecode.c.h; path = KWConformToProtocolMatcher.h; sourceTree = "<group>"; };
		B571A81017B6789C0020F6BE /* KWContainMatcher.h */ = {isa = PBXFileReference; fileEncoding = 4; lastKnownFileType = sourcecode.c.h; path = KWContainMatcher.h; sourceTree = "<group>"; };
		B571A81117B6789C0020F6BE /* KWContextNode.h */ = {isa = PBXFileReference; fileEncoding = 4; lastKnownFileType = sourcecode.c.h; path = KWContextNode.h; sourceTree = "<group>"; };
		B571A81217B6789C0020F6BE /* KWCountType.h */ = {isa = PBXFileReference; fileEncoding = 4; lastKnownFileType = sourcecode.c.h; path = KWCountType.h; sourceTree = "<group>"; };
		B571A81317B6789C0020F6BE /* KWDeviceInfo.h */ = {isa = PBXFileReference; fileEncoding = 4; lastKnownFileType = sourcecode.c.h; path = KWDeviceInfo.h; sourceTree = "<group>"; };
		B571A81417B6789C0020F6BE /* KWEqualMatcher.h */ = {isa = PBXFileReference; fileEncoding = 4; lastKnownFileType = sourcecode.c.h; path = KWEqualMatcher.h; sourceTree = "<group>"; };
		B571A81517B6789C0020F6BE /* KWExample.h */ = {isa = PBXFileReference; fileEncoding = 4; lastKnownFileType = sourcecode.c.h; path = KWExample.h; sourceTree = "<group>"; };
		B571A81617B6789C0020F6BE /* KWExampleGroupBuilder.h */ = {isa = PBXFileReference; fileEncoding = 4; lastKnownFileType = sourcecode.c.h; path = KWExampleGroupBuilder.h; sourceTree = "<group>"; };
		B571A81717B6789C0020F6BE /* KWExampleGroupDelegate.h */ = {isa = PBXFileReference; fileEncoding = 4; lastKnownFileType = sourcecode.c.h; path = KWExampleGroupDelegate.h; sourceTree = "<group>"; };
		B571A81817B6789C0020F6BE /* KWExampleNode.h */ = {isa = PBXFileReference; fileEncoding = 4; lastKnownFileType = sourcecode.c.h; path = KWExampleNode.h; sourceTree = "<group>"; };
		B571A81917B6789C0020F6BE /* KWExampleNodeVisitor.h */ = {isa = PBXFileReference; fileEncoding = 4; lastKnownFileType = sourcecode.c.h; path = KWExampleNodeVisitor.h; sourceTree = "<group>"; };
		B571A81A17B6789C0020F6BE /* KWExampleSuite.h */ = {isa = PBXFileReference; fileEncoding = 4; lastKnownFileType = sourcecode.c.h; path = KWExampleSuite.h; sourceTree = "<group>"; };
		B571A81B17B6789C0020F6BE /* KWExistVerifier.h */ = {isa = PBXFileReference; fileEncoding = 4; lastKnownFileType = sourcecode.c.h; path = KWExistVerifier.h; sourceTree = "<group>"; };
		B571A81C17B6789C0020F6BE /* KWExpectationType.h */ = {isa = PBXFileReference; fileEncoding = 4; lastKnownFileType = sourcecode.c.h; path = KWExpectationType.h; sourceTree = "<group>"; };
		B571A81D17B6789C0020F6BE /* KWFailure.h */ = {isa = PBXFileReference; fileEncoding = 4; lastKnownFileType = sourcecode.c.h; path = KWFailure.h; sourceTree = "<group>"; };
		B571A81E17B6789C0020F6BE /* KWFormatter.h */ = {isa = PBXFileReference; fileEncoding = 4; lastKnownFileType = sourcecode.c.h; path = KWFormatter.h; sourceTree = "<group>"; };
		B571A81F17B6789C0020F6BE /* KWFutureObject.h */ = {isa = PBXFileReference; fileEncoding = 4; lastKnownFileType = sourcecode.c.h; path = KWFutureObject.h; sourceTree = "<group>"; };
		B571A82017B6789C0020F6BE /* KWGenericMatcher.h */ = {isa = PBXFileReference; fileEncoding = 4; lastKnownFileType = sourcecode.c.h; path = KWGenericMatcher.h; sourceTree = "<group>"; };
		B571A82117B6789C0020F6BE /* KWGenericMatchingAdditions.h */ = {isa = PBXFileReference; fileEncoding = 4; lastKnownFileType = sourcecode.c.h; path = KWGenericMatchingAdditions.h; sourceTree = "<group>"; };
		B571A82217B6789C0020F6BE /* KWHaveMatcher.h */ = {isa = PBXFileReference; fileEncoding = 4; lastKnownFileType = sourcecode.c.h; path = KWHaveMatcher.h; sourceTree = "<group>"; };
		B571A82317B6789C0020F6BE /* KWHaveValueMatcher.h */ = {isa = PBXFileReference; fileEncoding = 4; lastKnownFileType = sourcecode.c.h; path = KWHaveValueMatcher.h; sourceTree = "<group>"; };
		B571A82417B6789C0020F6BE /* KWInequalityMatcher.h */ = {isa = PBXFileReference; fileEncoding = 4; lastKnownFileType = sourcecode.c.h; path = KWInequalityMatcher.h; sourceTree = "<group>"; };
		B571A82517B6789C0020F6BE /* KWIntercept.h */ = {isa = PBXFileReference; fileEncoding = 4; lastKnownFileType = sourcecode.c.h; path = KWIntercept.h; sourceTree = "<group>"; };
		B571A82617B6789C0020F6BE /* KWInvocationCapturer.h */ = {isa = PBXFileReference; fileEncoding = 4; lastKnownFileType = sourcecode.c.h; path = KWInvocationCapturer.h; sourceTree = "<group>"; };
		B571A82717B6789C0020F6BE /* KWItNode.h */ = {isa = PBXFileReference; fileEncoding = 4; lastKnownFileType = sourcecode.c.h; path = KWItNode.h; sourceTree = "<group>"; };
		B571A82817B6789C0020F6BE /* KWMatcher.h */ = {isa = PBXFileReference; fileEncoding = 4; lastKnownFileType = sourcecode.c.h; path = KWMatcher.h; sourceTree = "<group>"; };
		B571A82917B6789C0020F6BE /* KWMatcherFactory.h */ = {isa = PBXFileReference; fileEncoding = 4; lastKnownFileType = sourcecode.c.h; path = KWMatcherFactory.h; sourceTree = "<group>"; };
		B571A82A17B6789C0020F6BE /* KWMatchers.h */ = {isa = PBXFileReference; fileEncoding = 4; lastKnownFileType = sourcecode.c.h; path = KWMatchers.h; sourceTree = "<group>"; };
		B571A82B17B6789C0020F6BE /* KWMatching.h */ = {isa = PBXFileReference; fileEncoding = 4; lastKnownFileType = sourcecode.c.h; path = KWMatching.h; sourceTree = "<group>"; };
		B571A82C17B6789C0020F6BE /* KWMatchVerifier.h */ = {isa = PBXFileReference; fileEncoding = 4; lastKnownFileType = sourcecode.c.h; path = KWMatchVerifier.h; sourceTree = "<group>"; };
		B571A82D17B6789C0020F6BE /* KWMessagePattern.h */ = {isa = PBXFileReference; fileEncoding = 4; lastKnownFileType = sourcecode.c.h; path = KWMessagePattern.h; sourceTree = "<group>"; };
		B571A82E17B6789C0020F6BE /* KWMessageSpying.h */ = {isa = PBXFileReference; fileEncoding = 4; lastKnownFileType = sourcecode.c.h; path = KWMessageSpying.h; sourceTree = "<group>"; };
		B571A82F17B6789C0020F6BE /* KWMessageTracker.h */ = {isa = PBXFileReference; fileEncoding = 4; lastKnownFileType = sourcecode.c.h; path = KWMessageTracker.h; sourceTree = "<group>"; };
		B571A83017B6789C0020F6BE /* KWMock.h */ = {isa = PBXFileReference; fileEncoding = 4; lastKnownFileType = sourcecode.c.h; path = KWMock.h; sourceTree = "<group>"; };
		B571A83117B6789C0020F6BE /* KWNull.h */ = {isa = PBXFileReference; fileEncoding = 4; lastKnownFileType = sourcecode.c.h; path = KWNull.h; sourceTree = "<group>"; };
		B571A83217B6789C0020F6BE /* KWObjCUtilities.h */ = {isa = PBXFileReference; fileEncoding = 4; lastKnownFileType = sourcecode.c.h; path = KWObjCUtilities.h; sourceTree = "<group>"; };
		B571A83317B6789C0020F6BE /* KWPendingNode.h */ = {isa = PBXFileReference; fileEncoding = 4; lastKnownFileType = sourcecode.c.h; path = KWPendingNode.h; sourceTree = "<group>"; };
		B571A83417B6789C0020F6BE /* KWProbe.h */ = {isa = PBXFileReference; fileEncoding = 4; lastKnownFileType = sourcecode.c.h; path = KWProbe.h; sourceTree = "<group>"; };
		B571A83517B6789C0020F6BE /* KWProbePoller.h */ = {isa = PBXFileReference; fileEncoding = 4; lastKnownFileType = sourcecode.c.h; path = KWProbePoller.h; sourceTree = "<group>"; };
		B571A83617B6789C0020F6BE /* KWRaiseMatcher.h */ = {isa = PBXFileReference; fileEncoding = 4; lastKnownFileType = sourcecode.c.h; path = KWRaiseMatcher.h; sourceTree = "<group>"; };
		B571A83717B6789C0020F6BE /* KWReceiveMatcher.h */ = {isa = PBXFileReference; fileEncoding = 4; lastKnownFileType = sourcecode.c.h; path = KWReceiveMatcher.h; sourceTree = "<group>"; };
		B571A83817B6789C0020F6BE /* KWRegisterMatchersNode.h */ = {isa = PBXFileReference; fileEncoding = 4; lastKnownFileType = sourcecode.c.h; path = KWRegisterMatchersNode.h; sourceTree = "<group>"; };
		B571A83917B6789C0020F6BE /* KWReporting.h */ = {isa = PBXFileReference; fileEncoding = 4; lastKnownFileType = sourcecode.c.h; path = KWReporting.h; sourceTree = "<group>"; };
		B571A83A17B6789C0020F6BE /* KWRespondToSelectorMatcher.h */ = {isa = PBXFileReference; fileEncoding = 4; lastKnownFileType = sourcecode.c.h; path = KWRespondToSelectorMatcher.h; sourceTree = "<group>"; };
		B571A83B17B6789C0020F6BE /* KWSpec.h */ = {isa = PBXFileReference; fileEncoding = 4; lastKnownFileType = sourcecode.c.h; path = KWSpec.h; sourceTree = "<group>"; };
		B571A83C17B6789C0020F6BE /* KWStringContainsMatcher.h */ = {isa = PBXFileReference; fileEncoding = 4; lastKnownFileType = sourcecode.c.h; path = KWStringContainsMatcher.h; sourceTree = "<group>"; };
		B571A83D17B6789C0020F6BE /* KWStringPrefixMatcher.h */ = {isa = PBXFileReference; fileEncoding = 4; lastKnownFileType = sourcecode.c.h; path = KWStringPrefixMatcher.h; sourceTree = "<group>"; };
		B571A83E17B6789C0020F6BE /* KWStringUtilities.h */ = {isa = PBXFileReference; fileEncoding = 4; lastKnownFileType = sourcecode.c.h; path = KWStringUtilities.h; sourceTree = "<group>"; };
		B571A83F17B6789C0020F6BE /* KWStub.h */ = {isa = PBXFileReference; fileEncoding = 4; lastKnownFileType = sourcecode.c.h; path = KWStub.h; sourceTree = "<group>"; };
		B571A84017B6789C0020F6BE /* KWTestCase.h */ = {isa = PBXFileReference; fileEncoding = 4; lastKnownFileType = sourcecode.c.h; path = KWTestCase.h; sourceTree = "<group>"; };
		B571A84117B6789C0020F6BE /* KWUserDefinedMatcher.h */ = {isa = PBXFileReference; fileEncoding = 4; lastKnownFileType = sourcecode.c.h; path = KWUserDefinedMatcher.h; sourceTree = "<group>"; };
		B571A84217B6789C0020F6BE /* KWValue.h */ = {isa = PBXFileReference; fileEncoding = 4; lastKnownFileType = sourcecode.c.h; path = KWValue.h; sourceTree = "<group>"; };
		B571A84317B6789C0020F6BE /* KWVerifying.h */ = {isa = PBXFileReference; fileEncoding = 4; lastKnownFileType = sourcecode.c.h; path = KWVerifying.h; sourceTree = "<group>"; };
		B571A84417B6789C0020F6BE /* KWWorkarounds.h */ = {isa = PBXFileReference; fileEncoding = 4; lastKnownFileType = sourcecode.c.h; path = KWWorkarounds.h; sourceTree = "<group>"; };
		B571A84517B6789C0020F6BE /* NSInvocation+KiwiAdditions.h */ = {isa = PBXFileReference; fileEncoding = 4; lastKnownFileType = sourcecode.c.h; path = "NSInvocation+KiwiAdditions.h"; sourceTree = "<group>"; };
		B571A84617B6789C0020F6BE /* NSInvocation+OCMAdditions.h */ = {isa = PBXFileReference; fileEncoding = 4; lastKnownFileType = sourcecode.c.h; path = "NSInvocation+OCMAdditions.h"; sourceTree = "<group>"; };
		B571A84717B6789C0020F6BE /* NSMethodSignature+KiwiAdditions.h */ = {isa = PBXFileReference; fileEncoding = 4; lastKnownFileType = sourcecode.c.h; path = "NSMethodSignature+KiwiAdditions.h"; sourceTree = "<group>"; };
		B571A84817B6789C0020F6BE /* NSNumber+KiwiAdditions.h */ = {isa = PBXFileReference; fileEncoding = 4; lastKnownFileType = sourcecode.c.h; path = "NSNumber+KiwiAdditions.h"; sourceTree = "<group>"; };
		B571A84917B6789C0020F6BE /* NSObject+KiwiMockAdditions.h */ = {isa = PBXFileReference; fileEncoding = 4; lastKnownFileType = sourcecode.c.h; path = "NSObject+KiwiMockAdditions.h"; sourceTree = "<group>"; };
		B571A84A17B6789C0020F6BE /* NSObject+KiwiSpyAdditions.h */ = {isa = PBXFileReference; fileEncoding = 4; lastKnownFileType = sourcecode.c.h; path = "NSObject+KiwiSpyAdditions.h"; sourceTree = "<group>"; };
		B571A84B17B6789C0020F6BE /* NSObject+KiwiStubAdditions.h */ = {isa = PBXFileReference; fileEncoding = 4; lastKnownFileType = sourcecode.c.h; path = "NSObject+KiwiStubAdditions.h"; sourceTree = "<group>"; };
		B571A84C17B6789C0020F6BE /* NSObject+KiwiVerifierAdditions.h */ = {isa = PBXFileReference; fileEncoding = 4; lastKnownFileType = sourcecode.c.h; path = "NSObject+KiwiVerifierAdditions.h"; sourceTree = "<group>"; };
		B571A84D17B6789C0020F6BE /* NSValue+KiwiAdditions.h */ = {isa = PBXFileReference; fileEncoding = 4; lastKnownFileType = sourcecode.c.h; path = "NSValue+KiwiAdditions.h"; sourceTree = "<group>"; };
		B571A84F17B6789C0020F6BE /* libKiwi-OSX.a */ = {isa = PBXFileReference; lastKnownFileType = archive.ar; path = "libKiwi-OSX.a"; sourceTree = "<group>"; };
		B571A85017B6789C0020F6BE /* libKiwi.a */ = {isa = PBXFileReference; lastKnownFileType = archive.ar; path = libKiwi.a; sourceTree = "<group>"; };
		B571A85117B6789C0020F6BE /* License.txt */ = {isa = PBXFileReference; fileEncoding = 4; lastKnownFileType = text; path = License.txt; sourceTree = "<group>"; };
		B571A85617B6790E0020F6BE /* BBFetchedResultsControllerSpec.m */ = {isa = PBXFileReference; fileEncoding = 4; lastKnownFileType = sourcecode.c.objc; path = BBFetchedResultsControllerSpec.m; sourceTree = "<group>"; };
		B5C36E8B17BD0B1500F838AC /* BBFetchedResultsSection.h */ = {isa = PBXFileReference; fileEncoding = 4; lastKnownFileType = sourcecode.c.h; path = BBFetchedResultsSection.h; sourceTree = "<group>"; };
		B5C36E8C17BD0B1500F838AC /* BBFetchedResultsSection.m */ = {isa = PBXFileReference; fileEncoding = 4; lastKnownFileType = sourcecode.c.objc; path = BBFetchedResultsSection.m; sourceTree = "<group>"; };
		B5C36E8E17BD0B8400F838AC /* BBFetchedResultsObjectInsertion.h */ = {isa = PBXFileReference; fileEncoding = 4; lastKnownFileType = sourcecode.c.h; path = BBFetchedResultsObjectInsertion.h; sourceTree = "<group>"; };
		B5C36E8F17BD0B8400F838AC /* BBFetchedResultsObjectInsertion.m */ = {isa = PBXFileReference; fileEncoding = 4; lastKnownFileType = sourcecode.c.objc; path = BBFetchedResultsObjectInsertion.m; sourceTree = "<group>"; };
		B5C36E9117BD0B9400F838AC /* BBFetchedResultsObjectDeletion.h */ = {isa = PBXFileReference; fileEncoding = 4; lastKnownFileType = sourcecode.c.h; path = BBFetchedResultsObjectDeletion.h; sourceTree = "<group>"; };
		B5C36E9217BD0B9400F838AC /* BBFetchedResultsObjectDeletion.m */ = {isa = PBXFileReference; fileEncoding = 4; lastKnownFileType = sourcecode.c.objc; path = BBFetchedResultsObjectDeletion.m; sourceTree = "<group>"; };
		B5C36E9417BD0BA900F838AC /* BBFetchedResultsObjectUpdate.h */ = {isa = PBXFileReference; fileEncoding = 4; lastKnownFileType = sourcecode.c.h; path = BBFetchedResultsObjectUpdate.h; sourceTree = "<group>"; };
		B5C36E9517BD0BA900F838AC /* BBFetchedResultsObjectUpdate.m */ = {isa = PBXFileReference; fileEncoding = 4; lastKnownFileType = sourcecode.c.objc; path = BBFetchedResultsObjectUpdate.m; sourceTree = "<group>"; };
		B5C36E9717BD0BBA00F838AC /* BBFetchedResultsObjectMove.h */ = {isa = PBXFileReference; fileEncoding = 4; lastKnownFileType = sourcecode.c.h; path = BBFetchedResultsObjectMove.h; sourceTree = "<group>"; };
		B5C36E9817BD0BBA00F838AC /* BBFetchedResultsObjectMove.m */ = {isa = PBXFileReference; fileEncoding = 4; lastKnownFileType = sourcecode.c.objc; path = BBFetchedResultsObjectMove.m; sourceTree = "<group>"; };
/* End PBXFileReference section */

/* Begin PBXFrameworksBuildPhase section */
		B571A71C17B6615E0020F6BE /* Frameworks */ = {
			isa = PBXFrameworksBuildPhase;
			buildActionMask = 2147483647;
			files = (
				B571A74B17B663320020F6BE /* CoreData.framework in Frameworks */,
				B571A72317B6615F0020F6BE /* Foundation.framework in Frameworks */,
			);
			runOnlyForDeploymentPostprocessing = 0;
		};
		B571A72C17B6615F0020F6BE /* Frameworks */ = {
			isa = PBXFrameworksBuildPhase;
			buildActionMask = 2147483647;
			files = (
				B571A75D17B66AA10020F6BE /* CoreData.framework in Frameworks */,
				B571A73217B6615F0020F6BE /* SenTestingKit.framework in Frameworks */,
				B571A73417B6615F0020F6BE /* UIKit.framework in Frameworks */,
				B571A73517B6615F0020F6BE /* Foundation.framework in Frameworks */,
				B571A73817B6615F0020F6BE /* libBBFetchedResultsController.a in Frameworks */,
				B571A85317B6789C0020F6BE /* libKiwi.a in Frameworks */,
			);
			runOnlyForDeploymentPostprocessing = 0;
		};
/* End PBXFrameworksBuildPhase section */

/* Begin PBXGroup section */
		B571A71617B6615E0020F6BE = {
			isa = PBXGroup;
			children = (
				B571A72417B6615F0020F6BE /* BBFetchedResultsController */,
				B571A73917B6615F0020F6BE /* BBFetchedResultsControllerTests */,
				B571A72117B6615E0020F6BE /* Frameworks */,
				B571A72017B6615E0020F6BE /* Products */,
				B571A7F017B6789C0020F6BE /* Kiwi */,
			);
			sourceTree = "<group>";
		};
		B571A72017B6615E0020F6BE /* Products */ = {
			isa = PBXGroup;
			children = (
				B571A71F17B6615E0020F6BE /* libBBFetchedResultsController.a */,
				B571A73017B6615F0020F6BE /* BBFetchedResultsControllerTests.octest */,
			);
			name = Products;
			sourceTree = "<group>";
		};
		B571A72117B6615E0020F6BE /* Frameworks */ = {
			isa = PBXGroup;
			children = (
				B571A74A17B663320020F6BE /* CoreData.framework */,
				B571A72217B6615E0020F6BE /* Foundation.framework */,
				B571A73117B6615F0020F6BE /* SenTestingKit.framework */,
				B571A73317B6615F0020F6BE /* UIKit.framework */,
			);
			name = Frameworks;
			sourceTree = "<group>";
		};
		B571A72417B6615F0020F6BE /* BBFetchedResultsController */ = {
			isa = PBXGroup;
			children = (
				B571A72717B6615F0020F6BE /* BBFetchedResultsController.h */,
				B571A72917B6615F0020F6BE /* BBFetchedResultsController.m */,
				B5C36E9717BD0BBA00F838AC /* BBFetchedResultsObjectMove.h */,
				B5C36E9817BD0BBA00F838AC /* BBFetchedResultsObjectMove.m */,
				B5C36E9417BD0BA900F838AC /* BBFetchedResultsObjectUpdate.h */,
				B5C36E9517BD0BA900F838AC /* BBFetchedResultsObjectUpdate.m */,
				B5C36E9117BD0B9400F838AC /* BBFetchedResultsObjectDeletion.h */,
				B5C36E9217BD0B9400F838AC /* BBFetchedResultsObjectDeletion.m */,
				B5C36E8E17BD0B8400F838AC /* BBFetchedResultsObjectInsertion.h */,
				B5C36E8F17BD0B8400F838AC /* BBFetchedResultsObjectInsertion.m */,
				B5C36E8B17BD0B1500F838AC /* BBFetchedResultsSection.h */,
				B5C36E8C17BD0B1500F838AC /* BBFetchedResultsSection.m */,
				B571A74C17B664300020F6BE /* BBFetchedResultsIndexPath.h */,
				B571A74D17B664300020F6BE /* BBFetchedResultsIndexPath.m */,
			);
			path = BBFetchedResultsController;
			sourceTree = "<group>";
		};
		B571A73917B6615F0020F6BE /* BBFetchedResultsControllerTests */ = {
			isa = PBXGroup;
			children = (
				B571A85617B6790E0020F6BE /* BBFetchedResultsControllerSpec.m */,
				B571A75E17B66C1A0020F6BE /* DataModel.xcdatamodeld */,
				B571A76D17B670D10020F6BE /* Model */,
				B571A73A17B6615F0020F6BE /* Supporting Files */,
			);
			path = BBFetchedResultsControllerTests;
			sourceTree = "<group>";
		};
		B571A73A17B6615F0020F6BE /* Supporting Files */ = {
			isa = PBXGroup;
			children = (
				B571A73B17B6615F0020F6BE /* BBFetchedResultsControllerTests-Info.plist */,
				B571A73C17B6615F0020F6BE /* InfoPlist.strings */,
			);
			name = "Supporting Files";
			sourceTree = "<group>";
		};
		B571A76D17B670D10020F6BE /* Model */ = {
			isa = PBXGroup;
			children = (
				B571A78217B670E50020F6BE /* Entities */,
				B571A78117B670D90020F6BE /* Generated */,
			);
			path = Model;
			sourceTree = "<group>";
		};
		B571A78117B670D90020F6BE /* Generated */ = {
			isa = PBXGroup;
			children = (
				B571A77417B670D10020F6BE /* BBEntities.h */,
				B571A76E17B670D10020F6BE /* _BBList.h */,
				B571A76F17B670D10020F6BE /* _BBList.m */,
				B571A77017B670D10020F6BE /* _BBPerson.h */,
				B571A77117B670D10020F6BE /* _BBPerson.m */,
				B571A77217B670D10020F6BE /* _BBToDo.h */,
				B571A77317B670D10020F6BE /* _BBToDo.m */,
			);
			name = Generated;
			sourceTree = "<group>";
		};
		B571A78217B670E50020F6BE /* Entities */ = {
			isa = PBXGroup;
			children = (
				B571A77517B670D10020F6BE /* BBList.h */,
				B571A77617B670D10020F6BE /* BBList.m */,
				B571A77717B670D10020F6BE /* BBPerson.h */,
				B571A77817B670D10020F6BE /* BBPerson.m */,
				B571A77917B670D10020F6BE /* BBToDo.h */,
				B571A77A17B670D10020F6BE /* BBToDo.m */,
			);
			name = Entities;
			sourceTree = "<group>";
		};
		B571A7F017B6789C0020F6BE /* Kiwi */ = {
			isa = PBXGroup;
			children = (
				B571A7F117B6789C0020F6BE /* include */,
				B571A84E17B6789C0020F6BE /* lib */,
				B571A85117B6789C0020F6BE /* License.txt */,
			);
			name = Kiwi;
			path = Vendor/Kiwi;
			sourceTree = "<group>";
		};
		B571A7F117B6789C0020F6BE /* include */ = {
			isa = PBXGroup;
			children = (
				B571A7F217B6789C0020F6BE /* Kiwi */,
			);
			path = include;
			sourceTree = "<group>";
		};
		B571A7F217B6789C0020F6BE /* Kiwi */ = {
			isa = PBXGroup;
			children = (
				B571A7F317B6789C0020F6BE /* Kiwi.h */,
				B571A7F417B6789C0020F6BE /* KiwiBlockMacros.h */,
				B571A7F517B6789C0020F6BE /* KiwiConfiguration.h */,
				B571A7F617B6789C0020F6BE /* KiwiMacros.h */,
				B571A7F717B6789C0020F6BE /* KiwiNewMacros.h */,
				B571A7F817B6789C0020F6BE /* KWAfterAllNode.h */,
				B571A7F917B6789C0020F6BE /* KWAfterEachNode.h */,
				B571A7FA17B6789C0020F6BE /* KWAny.h */,
				B571A7FB17B6789C0020F6BE /* KWAsyncVerifier.h */,
				B571A7FC17B6789C0020F6BE /* KWBeBetweenMatcher.h */,
				B571A7FD17B6789C0020F6BE /* KWBeEmptyMatcher.h */,
				B571A7FE17B6789C0020F6BE /* KWBeforeAllNode.h */,
				B571A7FF17B6789C0020F6BE /* KWBeforeEachNode.h */,
				B571A80017B6789C0020F6BE /* KWBeIdenticalToMatcher.h */,
				B571A80117B6789C0020F6BE /* KWBeKindOfClassMatcher.h */,
				B571A80217B6789C0020F6BE /* KWBeMemberOfClassMatcher.h */,
				B571A80317B6789C0020F6BE /* KWBeNilMatcher.h */,
				B571A80417B6789C0020F6BE /* KWBeNonNilMatcher.h */,
				B571A80517B6789C0020F6BE /* KWBeSubclassOfClassMatcher.h */,
				B571A80617B6789C0020F6BE /* KWBeTrueMatcher.h */,
				B571A80717B6789C0020F6BE /* KWBeWithinMatcher.h */,
				B571A80817B6789C0020F6BE /* KWBeZeroMatcher.h */,
				B571A80917B6789C0020F6BE /* KWBlock.h */,
				B571A80A17B6789C0020F6BE /* KWBlockNode.h */,
				B571A80B17B6789C0020F6BE /* KWBlockRaiseMatcher.h */,
				B571A80C17B6789C0020F6BE /* KWCallSite.h */,
				B571A80D17B6789C0020F6BE /* KWCaptureSpy.h */,
				B571A80E17B6789C0020F6BE /* KWChangeMatcher.h */,
				B571A80F17B6789C0020F6BE /* KWConformToProtocolMatcher.h */,
				B571A81017B6789C0020F6BE /* KWContainMatcher.h */,
				B571A81117B6789C0020F6BE /* KWContextNode.h */,
				B571A81217B6789C0020F6BE /* KWCountType.h */,
				B571A81317B6789C0020F6BE /* KWDeviceInfo.h */,
				B571A81417B6789C0020F6BE /* KWEqualMatcher.h */,
				B571A81517B6789C0020F6BE /* KWExample.h */,
				B571A81617B6789C0020F6BE /* KWExampleGroupBuilder.h */,
				B571A81717B6789C0020F6BE /* KWExampleGroupDelegate.h */,
				B571A81817B6789C0020F6BE /* KWExampleNode.h */,
				B571A81917B6789C0020F6BE /* KWExampleNodeVisitor.h */,
				B571A81A17B6789C0020F6BE /* KWExampleSuite.h */,
				B571A81B17B6789C0020F6BE /* KWExistVerifier.h */,
				B571A81C17B6789C0020F6BE /* KWExpectationType.h */,
				B571A81D17B6789C0020F6BE /* KWFailure.h */,
				B571A81E17B6789C0020F6BE /* KWFormatter.h */,
				B571A81F17B6789C0020F6BE /* KWFutureObject.h */,
				B571A82017B6789C0020F6BE /* KWGenericMatcher.h */,
				B571A82117B6789C0020F6BE /* KWGenericMatchingAdditions.h */,
				B571A82217B6789C0020F6BE /* KWHaveMatcher.h */,
				B571A82317B6789C0020F6BE /* KWHaveValueMatcher.h */,
				B571A82417B6789C0020F6BE /* KWInequalityMatcher.h */,
				B571A82517B6789C0020F6BE /* KWIntercept.h */,
				B571A82617B6789C0020F6BE /* KWInvocationCapturer.h */,
				B571A82717B6789C0020F6BE /* KWItNode.h */,
				B571A82817B6789C0020F6BE /* KWMatcher.h */,
				B571A82917B6789C0020F6BE /* KWMatcherFactory.h */,
				B571A82A17B6789C0020F6BE /* KWMatchers.h */,
				B571A82B17B6789C0020F6BE /* KWMatching.h */,
				B571A82C17B6789C0020F6BE /* KWMatchVerifier.h */,
				B571A82D17B6789C0020F6BE /* KWMessagePattern.h */,
				B571A82E17B6789C0020F6BE /* KWMessageSpying.h */,
				B571A82F17B6789C0020F6BE /* KWMessageTracker.h */,
				B571A83017B6789C0020F6BE /* KWMock.h */,
				B571A83117B6789C0020F6BE /* KWNull.h */,
				B571A83217B6789C0020F6BE /* KWObjCUtilities.h */,
				B571A83317B6789C0020F6BE /* KWPendingNode.h */,
				B571A83417B6789C0020F6BE /* KWProbe.h */,
				B571A83517B6789C0020F6BE /* KWProbePoller.h */,
				B571A83617B6789C0020F6BE /* KWRaiseMatcher.h */,
				B571A83717B6789C0020F6BE /* KWReceiveMatcher.h */,
				B571A83817B6789C0020F6BE /* KWRegisterMatchersNode.h */,
				B571A83917B6789C0020F6BE /* KWReporting.h */,
				B571A83A17B6789C0020F6BE /* KWRespondToSelectorMatcher.h */,
				B571A83B17B6789C0020F6BE /* KWSpec.h */,
				B571A83C17B6789C0020F6BE /* KWStringContainsMatcher.h */,
				B571A83D17B6789C0020F6BE /* KWStringPrefixMatcher.h */,
				B571A83E17B6789C0020F6BE /* KWStringUtilities.h */,
				B571A83F17B6789C0020F6BE /* KWStub.h */,
				B571A84017B6789C0020F6BE /* KWTestCase.h */,
				B571A84117B6789C0020F6BE /* KWUserDefinedMatcher.h */,
				B571A84217B6789C0020F6BE /* KWValue.h */,
				B571A84317B6789C0020F6BE /* KWVerifying.h */,
				B571A84417B6789C0020F6BE /* KWWorkarounds.h */,
				B571A84517B6789C0020F6BE /* NSInvocation+KiwiAdditions.h */,
				B571A84617B6789C0020F6BE /* NSInvocation+OCMAdditions.h */,
				B571A84717B6789C0020F6BE /* NSMethodSignature+KiwiAdditions.h */,
				B571A84817B6789C0020F6BE /* NSNumber+KiwiAdditions.h */,
				B571A84917B6789C0020F6BE /* NSObject+KiwiMockAdditions.h */,
				B571A84A17B6789C0020F6BE /* NSObject+KiwiSpyAdditions.h */,
				B571A84B17B6789C0020F6BE /* NSObject+KiwiStubAdditions.h */,
				B571A84C17B6789C0020F6BE /* NSObject+KiwiVerifierAdditions.h */,
				B571A84D17B6789C0020F6BE /* NSValue+KiwiAdditions.h */,
			);
			path = Kiwi;
			sourceTree = "<group>";
		};
		B571A84E17B6789C0020F6BE /* lib */ = {
			isa = PBXGroup;
			children = (
				B571A84F17B6789C0020F6BE /* libKiwi-OSX.a */,
				B571A85017B6789C0020F6BE /* libKiwi.a */,
			);
			path = lib;
			sourceTree = "<group>";
		};
/* End PBXGroup section */

/* Begin PBXNativeTarget section */
		B571A71E17B6615E0020F6BE /* BBFetchedResultsController */ = {
			isa = PBXNativeTarget;
			buildConfigurationList = B571A74417B6615F0020F6BE /* Build configuration list for PBXNativeTarget "BBFetchedResultsController" */;
			buildPhases = (
				B571A71B17B6615E0020F6BE /* Sources */,
				B571A71C17B6615E0020F6BE /* Frameworks */,
				B571A71D17B6615E0020F6BE /* CopyFiles */,
			);
			buildRules = (
			);
			dependencies = (
			);
			name = BBFetchedResultsController;
			productName = BBFetchedResultsController;
			productReference = B571A71F17B6615E0020F6BE /* libBBFetchedResultsController.a */;
			productType = "com.apple.product-type.library.static";
		};
		B571A72F17B6615F0020F6BE /* BBFetchedResultsControllerTests */ = {
			isa = PBXNativeTarget;
			buildConfigurationList = B571A74717B6615F0020F6BE /* Build configuration list for PBXNativeTarget "BBFetchedResultsControllerTests" */;
			buildPhases = (
				B571A72B17B6615F0020F6BE /* Sources */,
				B571A72C17B6615F0020F6BE /* Frameworks */,
				B571A72D17B6615F0020F6BE /* Resources */,
				B571A72E17B6615F0020F6BE /* ShellScript */,
			);
			buildRules = (
			);
			dependencies = (
				B571A73717B6615F0020F6BE /* PBXTargetDependency */,
			);
			name = BBFetchedResultsControllerTests;
			productName = BBFetchedResultsControllerTests;
			productReference = B571A73017B6615F0020F6BE /* BBFetchedResultsControllerTests.octest */;
			productType = "com.apple.product-type.bundle";
		};
/* End PBXNativeTarget section */

/* Begin PBXProject section */
		B571A71717B6615E0020F6BE /* Project object */ = {
			isa = PBXProject;
			attributes = {
				LastUpgradeCheck = 0460;
				ORGANIZATIONNAME = "Ben Blakely";
			};
			buildConfigurationList = B571A71A17B6615E0020F6BE /* Build configuration list for PBXProject "BBFetchedResultsController" */;
			compatibilityVersion = "Xcode 3.2";
			developmentRegion = English;
			hasScannedForEncodings = 0;
			knownRegions = (
				en,
			);
			mainGroup = B571A71617B6615E0020F6BE;
			productRefGroup = B571A72017B6615E0020F6BE /* Products */;
			projectDirPath = "";
			projectRoot = "";
			targets = (
				B571A71E17B6615E0020F6BE /* BBFetchedResultsController */,
				B571A72F17B6615F0020F6BE /* BBFetchedResultsControllerTests */,
				B571A76817B66F520020F6BE /* mogenerator */,
			);
		};
/* End PBXProject section */

/* Begin PBXResourcesBuildPhase section */
		B571A72D17B6615F0020F6BE /* Resources */ = {
			isa = PBXResourcesBuildPhase;
			buildActionMask = 2147483647;
			files = (
				B571A73E17B6615F0020F6BE /* InfoPlist.strings in Resources */,
			);
			runOnlyForDeploymentPostprocessing = 0;
		};
/* End PBXResourcesBuildPhase section */

/* Begin PBXShellScriptBuildPhase section */
		B571A72E17B6615F0020F6BE /* ShellScript */ = {
			isa = PBXShellScriptBuildPhase;
			buildActionMask = 2147483647;
			files = (
			);
			inputPaths = (
			);
			outputPaths = (
			);
			runOnlyForDeploymentPostprocessing = 0;
			shellPath = /bin/sh;
			shellScript = "# Run the unit tests in this test bundle.\n\"${SYSTEM_DEVELOPER_DIR}/Tools/RunUnitTests\"\n";
		};
		B571A76C17B66F5F0020F6BE /* ShellScript */ = {
			isa = PBXShellScriptBuildPhase;
			buildActionMask = 2147483647;
			files = (
			);
			inputPaths = (
			);
			outputPaths = (
			);
			runOnlyForDeploymentPostprocessing = 0;
			shellPath = /bin/sh;
			shellScript = "$PROJECT_DIR/Vendor/mogenerator/mogenerator -m $PROJECT_DIR/BBFetchedResultsControllerTests/DataModel.xcdatamodeld \\\n--template-var arc=true \\\n--output-dir BBFetchedResultsControllerTests/Model \\\n--includeh BBFetchedResultsControllerTests/Model/BBEntities.h\n";
		};
/* End PBXShellScriptBuildPhase section */

/* Begin PBXSourcesBuildPhase section */
		B571A71B17B6615E0020F6BE /* Sources */ = {
			isa = PBXSourcesBuildPhase;
			buildActionMask = 2147483647;
			files = (
				B571A72A17B6615F0020F6BE /* BBFetchedResultsController.m in Sources */,
				B571A74E17B664300020F6BE /* BBFetchedResultsIndexPath.m in Sources */,
				B5C36E8D17BD0B1500F838AC /* BBFetchedResultsSection.m in Sources */,
				B5C36E9017BD0B8400F838AC /* BBFetchedResultsObjectInsertion.m in Sources */,
				B5C36E9317BD0B9400F838AC /* BBFetchedResultsObjectDeletion.m in Sources */,
				B5C36E9617BD0BA900F838AC /* BBFetchedResultsObjectUpdate.m in Sources */,
				B5C36E9917BD0BBA00F838AC /* BBFetchedResultsObjectMove.m in Sources */,
			);
			runOnlyForDeploymentPostprocessing = 0;
		};
		B571A72B17B6615F0020F6BE /* Sources */ = {
			isa = PBXSourcesBuildPhase;
			buildActionMask = 2147483647;
			files = (
				B571A76017B66C1A0020F6BE /* DataModel.xcdatamodeld in Sources */,
				B571A77B17B670D10020F6BE /* _BBList.m in Sources */,
				B571A77C17B670D10020F6BE /* _BBPerson.m in Sources */,
				B571A77D17B670D10020F6BE /* _BBToDo.m in Sources */,
				B571A77E17B670D10020F6BE /* BBList.m in Sources */,
				B571A77F17B670D10020F6BE /* BBPerson.m in Sources */,
				B571A78017B670D10020F6BE /* BBToDo.m in Sources */,
				B571A85717B6790E0020F6BE /* BBFetchedResultsControllerSpec.m in Sources */,
			);
			runOnlyForDeploymentPostprocessing = 0;
		};
/* End PBXSourcesBuildPhase section */

/* Begin PBXTargetDependency section */
		B571A73717B6615F0020F6BE /* PBXTargetDependency */ = {
			isa = PBXTargetDependency;
			target = B571A71E17B6615E0020F6BE /* BBFetchedResultsController */;
			targetProxy = B571A73617B6615F0020F6BE /* PBXContainerItemProxy */;
		};
/* End PBXTargetDependency section */

/* Begin PBXVariantGroup section */
		B571A73C17B6615F0020F6BE /* InfoPlist.strings */ = {
			isa = PBXVariantGroup;
			children = (
				B571A73D17B6615F0020F6BE /* en */,
			);
			name = InfoPlist.strings;
			sourceTree = "<group>";
		};
/* End PBXVariantGroup section */

/* Begin XCBuildConfiguration section */
		B571A74217B6615F0020F6BE /* Debug */ = {
			isa = XCBuildConfiguration;
			buildSettings = {
				ALWAYS_SEARCH_USER_PATHS = NO;
				CLANG_CXX_LANGUAGE_STANDARD = "gnu++0x";
				CLANG_CXX_LIBRARY = "libc++";
				CLANG_ENABLE_OBJC_ARC = YES;
				CLANG_WARN_CONSTANT_CONVERSION = YES;
				CLANG_WARN_EMPTY_BODY = YES;
				CLANG_WARN_ENUM_CONVERSION = YES;
				CLANG_WARN_INT_CONVERSION = YES;
				CLANG_WARN__DUPLICATE_METHOD_MATCH = YES;
				COPY_PHASE_STRIP = NO;
				GCC_C_LANGUAGE_STANDARD = gnu99;
				GCC_DYNAMIC_NO_PIC = NO;
				GCC_OPTIMIZATION_LEVEL = 0;
				GCC_PREPROCESSOR_DEFINITIONS = (
					"DEBUG=1",
					"$(inherited)",
				);
				GCC_SYMBOLS_PRIVATE_EXTERN = NO;
				GCC_WARN_ABOUT_RETURN_TYPE = YES;
				GCC_WARN_UNINITIALIZED_AUTOS = YES;
				GCC_WARN_UNUSED_VARIABLE = YES;
				IPHONEOS_DEPLOYMENT_TARGET = 6.1;
				ONLY_ACTIVE_ARCH = YES;
				SDKROOT = iphoneos;
			};
			name = Debug;
		};
		B571A74317B6615F0020F6BE /* Release */ = {
			isa = XCBuildConfiguration;
			buildSettings = {
				ALWAYS_SEARCH_USER_PATHS = NO;
				CLANG_CXX_LANGUAGE_STANDARD = "gnu++0x";
				CLANG_CXX_LIBRARY = "libc++";
				CLANG_ENABLE_OBJC_ARC = YES;
				CLANG_WARN_CONSTANT_CONVERSION = YES;
				CLANG_WARN_EMPTY_BODY = YES;
				CLANG_WARN_ENUM_CONVERSION = YES;
				CLANG_WARN_INT_CONVERSION = YES;
				CLANG_WARN__DUPLICATE_METHOD_MATCH = YES;
				COPY_PHASE_STRIP = YES;
				GCC_C_LANGUAGE_STANDARD = gnu99;
				GCC_WARN_ABOUT_RETURN_TYPE = YES;
				GCC_WARN_UNINITIALIZED_AUTOS = YES;
				GCC_WARN_UNUSED_VARIABLE = YES;
				IPHONEOS_DEPLOYMENT_TARGET = 6.1;
				SDKROOT = iphoneos;
				VALIDATE_PRODUCT = YES;
			};
			name = Release;
		};
		B571A74517B6615F0020F6BE /* Debug */ = {
			isa = XCBuildConfiguration;
			buildSettings = {
				DSTROOT = /tmp/BBFetchedResultsController.dst;
				GCC_PRECOMPILE_PREFIX_HEADER = YES;
				OTHER_LDFLAGS = "-ObjC";
				PRODUCT_NAME = "$(TARGET_NAME)";
				SKIP_INSTALL = YES;
			};
			name = Debug;
		};
		B571A74617B6615F0020F6BE /* Release */ = {
			isa = XCBuildConfiguration;
			buildSettings = {
				DSTROOT = /tmp/BBFetchedResultsController.dst;
				GCC_PRECOMPILE_PREFIX_HEADER = YES;
				OTHER_LDFLAGS = "-ObjC";
				PRODUCT_NAME = "$(TARGET_NAME)";
				SKIP_INSTALL = YES;
			};
			name = Release;
		};
		B571A74817B6615F0020F6BE /* Debug */ = {
			isa = XCBuildConfiguration;
			buildSettings = {
				FRAMEWORK_SEARCH_PATHS = (
					"\"$(SDKROOT)/Developer/Library/Frameworks\"",
					"\"$(DEVELOPER_LIBRARY_DIR)/Frameworks\"",
				);
				GCC_PRECOMPILE_PREFIX_HEADER = YES;
				HEADER_SEARCH_PATHS = "\"$(SRCROOT)/Vendor/Kiwi/include\"";
				INFOPLIST_FILE = "BBFetchedResultsControllerTests/BBFetchedResultsControllerTests-Info.plist";
				LIBRARY_SEARCH_PATHS = (
					"$(inherited)",
					"\"$(SRCROOT)/Vendor/Kiwi/lib\"",
				);
				OTHER_LDFLAGS = "-ObjC";
				PRODUCT_NAME = "$(TARGET_NAME)";
				USER_HEADER_SEARCH_PATHS = "";
				WRAPPER_EXTENSION = octest;
			};
			name = Debug;
		};
		B571A74917B6615F0020F6BE /* Release */ = {
			isa = XCBuildConfiguration;
			buildSettings = {
				FRAMEWORK_SEARCH_PATHS = (
					"\"$(SDKROOT)/Developer/Library/Frameworks\"",
					"\"$(DEVELOPER_LIBRARY_DIR)/Frameworks\"",
				);
				GCC_PRECOMPILE_PREFIX_HEADER = YES;
				HEADER_SEARCH_PATHS = "\"$(SRCROOT)/Vendor/Kiwi/include\"";
				INFOPLIST_FILE = "BBFetchedResultsControllerTests/BBFetchedResultsControllerTests-Info.plist";
				LIBRARY_SEARCH_PATHS = (
					"$(inherited)",
					"\"$(SRCROOT)/Vendor/Kiwi/lib\"",
				);
				OTHER_LDFLAGS = "-ObjC";
				PRODUCT_NAME = "$(TARGET_NAME)";
				USER_HEADER_SEARCH_PATHS = "";
				WRAPPER_EXTENSION = octest;
			};
			name = Release;
		};
		B571A76A17B66F520020F6BE /* Debug */ = {
			isa = XCBuildConfiguration;
			buildSettings = {
				PRODUCT_NAME = "$(TARGET_NAME)";
			};
			name = Debug;
		};
		B571A76B17B66F520020F6BE /* Release */ = {
			isa = XCBuildConfiguration;
			buildSettings = {
				PRODUCT_NAME = "$(TARGET_NAME)";
			};
			name = Release;
		};
/* End XCBuildConfiguration section */

/* Begin XCConfigurationList section */
		B571A71A17B6615E0020F6BE /* Build configuration list for PBXProject "BBFetchedResultsController" */ = {
			isa = XCConfigurationList;
			buildConfigurations = (
				B571A74217B6615F0020F6BE /* Debug */,
				B571A74317B6615F0020F6BE /* Release */,
			);
			defaultConfigurationIsVisible = 0;
			defaultConfigurationName = Release;
		};
		B571A74417B6615F0020F6BE /* Build configuration list for PBXNativeTarget "BBFetchedResultsController" */ = {
			isa = XCConfigurationList;
			buildConfigurations = (
				B571A74517B6615F0020F6BE /* Debug */,
				B571A74617B6615F0020F6BE /* Release */,
			);
			defaultConfigurationIsVisible = 0;
			defaultConfigurationName = Release;
		};
		B571A74717B6615F0020F6BE /* Build configuration list for PBXNativeTarget "BBFetchedResultsControllerTests" */ = {
			isa = XCConfigurationList;
			buildConfigurations = (
				B571A74817B6615F0020F6BE /* Debug */,
				B571A74917B6615F0020F6BE /* Release */,
			);
			defaultConfigurationIsVisible = 0;
			defaultConfigurationName = Release;
		};
		B571A76917B66F520020F6BE /* Build configuration list for PBXAggregateTarget "mogenerator" */ = {
			isa = XCConfigurationList;
			buildConfigurations = (
				B571A76A17B66F520020F6BE /* Debug */,
				B571A76B17B66F520020F6BE /* Release */,
			);
			defaultConfigurationIsVisible = 0;
			defaultConfigurationName = Release;
		};
/* End XCConfigurationList section */

/* Begin XCVersionGroup section */
		B571A75E17B66C1A0020F6BE /* DataModel.xcdatamodeld */ = {
			isa = XCVersionGroup;
			children = (
				B571A75F17B66C1A0020F6BE /* Demo.xcdatamodel */,
			);
			currentVersion = B571A75F17B66C1A0020F6BE /* Demo.xcdatamodel */;
			path = DataModel.xcdatamodeld;
			sourceTree = "<group>";
			versionGroupType = wrapper.xcdatamodel;
		};
/* End XCVersionGroup section */
	};
	rootObject = B571A71717B6615E0020F6BE /* Project object */;
}
